// !$*UTF8*$!
{
	archiveVersion = 1;
	classes = {
	};
	objectVersion = 46;
	objects = {

/* Begin PBXBuildFile section */
		1B70103EB868FD6CA08CF2A6 /* Pods_CocoaPods.framework in Frameworks */ = {isa = PBXBuildFile; fileRef = EEB7DFACCFDF9B3B443AF311 /* Pods_CocoaPods.framework */; };
		1F9177581BA27592006698C9 /* CPHomeWindowController.m in Sources */ = {isa = PBXBuildFile; fileRef = 1F9177561BA27592006698C9 /* CPHomeWindowController.m */; };
		1F91775A1BA27598006698C9 /* CPHomeWindowController.xib in Resources */ = {isa = PBXBuildFile; fileRef = 1F91775C1BA27598006698C9 /* CPHomeWindowController.xib */; };
		1FFFBB0A1BA25486004A8D1E /* pod in Copy Helper Executables */ = {isa = PBXBuildFile; fileRef = 51165E481A17B2D200DCFC94 /* pod */; settings = {ATTRIBUTES = (CodeSignOnCopy, ); }; };
		331188571BEBCB0F00272793 /* CPCLIToolInstallationController.m in Sources */ = {isa = PBXBuildFile; fileRef = 331188561BEBCB0F00272793 /* CPCLIToolInstallationController.m */; };
		3311885A1BEBCB4200272793 /* CPCLITask.m in Sources */ = {isa = PBXBuildFile; fileRef = 331188591BEBCB4200272793 /* CPCLITask.m */; };
		510254281C0A60680045FCD8 /* CPReflectionService.m in Sources */ = {isa = PBXBuildFile; fileRef = 510254271C0A60680045FCD8 /* CPReflectionService.m */; };
		5102542A1C0A60680045FCD8 /* main.m in Sources */ = {isa = PBXBuildFile; fileRef = 510254291C0A60680045FCD8 /* main.m */; };
		5102542F1C0A60680045FCD8 /* ReflectionService.xpc in Embed XPC Services */ = {isa = PBXBuildFile; fileRef = 510254231C0A60670045FCD8 /* ReflectionService.xpc */; settings = {ATTRIBUTES = (RemoveHeadersOnCopy, ); }; };
		510254331C0A68040045FCD8 /* libruby+exts.a in Frameworks */ = {isa = PBXBuildFile; fileRef = 519C328E1C029E3C003BDC49 /* libruby+exts.a */; };
		510254341C0A68100045FCD8 /* RubyCocoa.framework in Frameworks */ = {isa = PBXBuildFile; fileRef = 51EA178F1C0155E9000DC69A /* RubyCocoa.framework */; };
		510F096E1C0A702200F40F2B /* RBObject+CocoaPods.m in Sources */ = {isa = PBXBuildFile; fileRef = 51EA178B1C00D279000DC69A /* RBObject+CocoaPods.m */; };
		510F09701C0A70EF00F40F2B /* RubyCocoa.framework in Copy RubyCocoa.framework */ = {isa = PBXBuildFile; fileRef = 51EA178F1C0155E9000DC69A /* RubyCocoa.framework */; settings = {ATTRIBUTES = (CodeSignOnCopy, RemoveHeadersOnCopy, ); }; };
		510F09711C0A711700F40F2B /* RBObject+CocoaPods.rb in Resources */ = {isa = PBXBuildFile; fileRef = 51EA178D1C0147BD000DC69A /* RBObject+CocoaPods.rb */; };
		510F09731C0A734800F40F2B /* CPRubyErrors.m in Sources */ = {isa = PBXBuildFile; fileRef = 510F09721C0A734800F40F2B /* CPRubyErrors.m */; };
		510F09751C0A73B800F40F2B /* CPRubyErrors.m in Sources */ = {isa = PBXBuildFile; fileRef = 510F09721C0A734800F40F2B /* CPRubyErrors.m */; };
		51165E261A17AFF500DCFC94 /* CPAppDelegate.m in Sources */ = {isa = PBXBuildFile; fileRef = 51165E251A17AFF500DCFC94 /* CPAppDelegate.m */; };
		51165E281A17AFF500DCFC94 /* main.m in Sources */ = {isa = PBXBuildFile; fileRef = 51165E271A17AFF500DCFC94 /* main.m */; };
		51165E2D1A17AFF500DCFC94 /* MainMenu.xib in Resources */ = {isa = PBXBuildFile; fileRef = 51165E2B1A17AFF500DCFC94 /* MainMenu.xib */; };
		51165E431A17B20700DCFC94 /* bundle in Resources */ = {isa = PBXBuildFile; fileRef = 51165E421A17B20700DCFC94 /* bundle */; };
		51165E4B1A17B2D200DCFC94 /* main.c in Sources */ = {isa = PBXBuildFile; fileRef = 51165E4A1A17B2D200DCFC94 /* main.c */; };
		51165E531A1973CC00DCFC94 /* SecurityFoundation.framework in Frameworks */ = {isa = PBXBuildFile; fileRef = 51165E521A1973CC00DCFC94 /* SecurityFoundation.framework */; };
		51165E571A1B925300DCFC94 /* CPUserProject.m in Sources */ = {isa = PBXBuildFile; fileRef = 51165E551A1B925300DCFC94 /* CPUserProject.m */; };
		5127C3291A23E6CA0093143B /* CoreFoundation.framework in Frameworks */ = {isa = PBXBuildFile; fileRef = 5127C3281A23E6CA0093143B /* CoreFoundation.framework */; };
		5127C32B1A23E6DD0093143B /* CoreServices.framework in Frameworks */ = {isa = PBXBuildFile; fileRef = 5127C32A1A23E6DD0093143B /* CoreServices.framework */; };
		514280CA1C36C1BD00DCE23D /* libffi.tbd in Frameworks */ = {isa = PBXBuildFile; fileRef = 514280C91C36C1BD00DCE23D /* libffi.tbd */; };
		5180FE941AD2A51300314D61 /* LICENSE in Resources */ = {isa = PBXBuildFile; fileRef = 5180FE931AD2A51300314D61 /* LICENSE */; };
		51CFC7841A2DF88700F9ABCB /* Security.framework in Frameworks */ = {isa = PBXBuildFile; fileRef = 51CFC7831A2DF88700F9ABCB /* Security.framework */; };
		51CFC7861A2DF8E000F9ABCB /* Cocoa.framework in Frameworks */ = {isa = PBXBuildFile; fileRef = 51CFC7851A2DF8E000F9ABCB /* Cocoa.framework */; };
		51D2E5B11A212A0800C0B153 /* Syntax Definitions in Resources */ = {isa = PBXBuildFile; fileRef = 51D2E5AF1A212A0800C0B153 /* Syntax Definitions */; };
		51D2E5B21A212A0800C0B153 /* SyntaxDefinitions.plist in Resources */ = {isa = PBXBuildFile; fileRef = 51D2E5B01A212A0800C0B153 /* SyntaxDefinitions.plist */; };
		5BD58BBD1C6D2A7C003787F5 /* CPXcodeProjectCell.swift in Sources */ = {isa = PBXBuildFile; fileRef = 5BD58BBC1C6D2A7C003787F5 /* CPXcodeProjectCell.swift */; };
		5BEC5ABD1C4D97C90045F362 /* CPPodfileErrorState.swift in Sources */ = {isa = PBXBuildFile; fileRef = 5BEC5ABC1C4D97C90045F362 /* CPPodfileErrorState.swift */; };
		5E946F3F1C1621F000EFEA7B /* CPTabViewDelegate.swift in Sources */ = {isa = PBXBuildFile; fileRef = 5E946F3E1C1621F000EFEA7B /* CPTabViewDelegate.swift */; };
		5EF5B7871C17990400F8C39E /* CPSideButton.swift in Sources */ = {isa = PBXBuildFile; fileRef = 5EF5B7861C17990400F8C39E /* CPSideButton.swift */; };
		60017B5E1C47B6220037658A /* CPMiniPromise.m in Sources */ = {isa = PBXBuildFile; fileRef = 60017B5D1C47B6220037658A /* CPMiniPromise.m */; };
		600CACE91C4669030048F2F3 /* CPStringArrayToSentenceValueTransformer.m in Sources */ = {isa = PBXBuildFile; fileRef = 600CACE81C4669030048F2F3 /* CPStringArrayToSentenceValueTransformer.m */; };
		600DDCAC1C14B98D0074C1E4 /* Podfile.storyboard in Resources */ = {isa = PBXBuildFile; fileRef = 606D1ED11BF90705000B7148 /* Podfile.storyboard */; };
		600DDCAD1C14B9910074C1E4 /* Podfile.xcassets in Resources */ = {isa = PBXBuildFile; fileRef = 6075BA641C068B5F00A5C491 /* Podfile.xcassets */; };
		600DDCAF1C14C1850074C1E4 /* CPMiniSnaphots.swift in Sources */ = {isa = PBXBuildFile; fileRef = 600DDCAE1C14C1850074C1E4 /* CPMiniSnaphots.swift */; };
		60107F181CC8CB1B002F772E /* CPSourceReposViewController.swift in Sources */ = {isa = PBXBuildFile; fileRef = 60107F171CC8CB1B002F772E /* CPSourceReposViewController.swift */; };
		601ACAA31C389E9B0058FA86 /* CPXcodeInformationGenerator.m in Sources */ = {isa = PBXBuildFile; fileRef = 601ACAA21C389E9B0058FA86 /* CPXcodeInformationGenerator.m */; };
		601ACAA61C392BDD0058FA86 /* NSArray+Helpers.m in Sources */ = {isa = PBXBuildFile; fileRef = 601ACAA51C392BDD0058FA86 /* NSArray+Helpers.m */; };
		601F910D1BE63B8100AD22B1 /* CPExternalLinksHelper.m in Sources */ = {isa = PBXBuildFile; fileRef = 601F910C1BE63B8100AD22B1 /* CPExternalLinksHelper.m */; };
		601F91151BE6435E00AD22B1 /* NSURL+TersePaths.m in Sources */ = {isa = PBXBuildFile; fileRef = 601F91141BE6435E00AD22B1 /* NSURL+TersePaths.m */; };
		60227EC21C351A6300A29515 /* CPPodfilePluginCoordinator.swift in Sources */ = {isa = PBXBuildFile; fileRef = 60227EC11C351A6300A29515 /* CPPodfilePluginCoordinator.swift */; };
		60227EC41C351A7700A29515 /* CPInstallPluginsViewController.swift in Sources */ = {isa = PBXBuildFile; fileRef = 60227EC31C351A7700A29515 /* CPInstallPluginsViewController.swift */; };
		602D84551CC58B5100EE3076 /* CPSourceRepoCoordinator.swift in Sources */ = {isa = PBXBuildFile; fileRef = 602D84541CC58B5100EE3076 /* CPSourceRepoCoordinator.swift */; };
		6033ECB21C1E6B4D00C2EDAD /* Home Screen.xcassets in Resources */ = {isa = PBXBuildFile; fileRef = 6033ECB11C1E6B4D00C2EDAD /* Home Screen.xcassets */; };
		6035BFF01C07C916003250A8 /* CPHiddenTabViewController.swift in Sources */ = {isa = PBXBuildFile; fileRef = 6035BFEF1C07C916003250A8 /* CPHiddenTabViewController.swift */; };
		6038B78C1C28B57600359F3B /* CPMetadataTableViewDataSource.swift in Sources */ = {isa = PBXBuildFile; fileRef = 6038B78B1C28B57600359F3B /* CPMetadataTableViewDataSource.swift */; };
		603F7F1E1C1DE895006C2571 /* CPMenuVisiblityDirector.swift in Sources */ = {isa = PBXBuildFile; fileRef = 603F7F1D1C1DE895006C2571 /* CPMenuVisiblityDirector.swift */; };
		604C26CE1C07843C00E16D84 /* CPPodfileConsoleViewController.swift in Sources */ = {isa = PBXBuildFile; fileRef = 604C26CC1C07843C00E16D84 /* CPPodfileConsoleViewController.swift */; };
		6051191D1C08A1EA0037B95E /* CPModifiedDecorationsWindow.swift in Sources */ = {isa = PBXBuildFile; fileRef = 6051191C1C08A1EA0037B95E /* CPModifiedDecorationsWindow.swift */; };
		605119201C08C4C00037B95E /* CPReturnTriggeringTableView.swift in Sources */ = {isa = PBXBuildFile; fileRef = 6051191F1C08C4C00037B95E /* CPReturnTriggeringTableView.swift */; };
		605119231C08F02D0037B95E /* CPBrownVisualEffectsView.swift in Sources */ = {isa = PBXBuildFile; fileRef = 605119221C08F02D0037B95E /* CPBrownVisualEffectsView.swift */; };
		605119251C08F5880037B95E /* CPFontAndColourGateKeeper.swift in Sources */ = {isa = PBXBuildFile; fileRef = 605119241C08F5880037B95E /* CPFontAndColourGateKeeper.swift */; };
		605119281C0909420037B95E /* CPPodfileReflection.m in Sources */ = {isa = PBXBuildFile; fileRef = 605119271C0909420037B95E /* CPPodfileReflection.m */; };
		6061C54E1CCB5BF70063C44A /* CPMenuRepoUpdateDirector.swift in Sources */ = {isa = PBXBuildFile; fileRef = 6061C54D1CCB5BF70063C44A /* CPMenuRepoUpdateDirector.swift */; };
		606C84721C14C4CA00C6D15F /* CPPodfileMetadataViewController.swift in Sources */ = {isa = PBXBuildFile; fileRef = 606C84711C14C4CA00C6D15F /* CPPodfileMetadataViewController.swift */; };
		606D1ED21BF90705000B7148 /* Podfile.storyboard in Resources */ = {isa = PBXBuildFile; fileRef = 606D1ED11BF90705000B7148 /* Podfile.storyboard */; };
		606D1ED51BF91040000B7148 /* CPPodfileEditorViewController.swift in Sources */ = {isa = PBXBuildFile; fileRef = 606D1ED41BF91040000B7148 /* CPPodfileEditorViewController.swift */; };
		606D1EDA1BF911EF000B7148 /* CPPodfileViewController.swift in Sources */ = {isa = PBXBuildFile; fileRef = 606D1ED91BF911EF000B7148 /* CPPodfileViewController.swift */; };
		6075BA651C068B5F00A5C491 /* Podfile.xcassets in Resources */ = {isa = PBXBuildFile; fileRef = 6075BA641C068B5F00A5C491 /* Podfile.xcassets */; };
		6075BA671C06963700A5C491 /* CPInstallAction.swift in Sources */ = {isa = PBXBuildFile; fileRef = 6075BA661C06963700A5C491 /* CPInstallAction.swift */; };
		60814A851C2B100F00D6663E /* CPBorderedButton.m in Sources */ = {isa = PBXBuildFile; fileRef = 60814A841C2B100F00D6663E /* CPBorderedButton.m */; };
		60814A881C2BCFEA00D6663E /* CPWhiteCheckedButton.m in Sources */ = {isa = PBXBuildFile; fileRef = 60814A871C2BCFEA00D6663E /* CPWhiteCheckedButton.m */; };
		60814A8A1C2C420600D6663E /* CPInterfaceBuilderOnlyLabels.swift in Sources */ = {isa = PBXBuildFile; fileRef = 60814A891C2C420600D6663E /* CPInterfaceBuilderOnlyLabels.swift */; };
		60890BB31CD0BD3D00810BFC /* CPLocalizedString.swift in Sources */ = {isa = PBXBuildFile; fileRef = 60890BB21CD0BD3D00810BFC /* CPLocalizedString.swift */; };
		60C2CBF21CC238CF009B30CA /* CPHomeMenuTableCellView.m in Sources */ = {isa = PBXBuildFile; fileRef = 60C2CBF11CC238CF009B30CA /* CPHomeMenuTableCellView.m */; };
		60C2CBF41CC25D5A009B30CA /* CPSparkleDelegate.swift in Sources */ = {isa = PBXBuildFile; fileRef = 60C2CBF31CC25D5A009B30CA /* CPSparkleDelegate.swift */; };
		60E693A71C49B0870058DF5F /* NSArray+Helpers.m in Sources */ = {isa = PBXBuildFile; fileRef = 601ACAA51C392BDD0058FA86 /* NSArray+Helpers.m */; };
		60E693A91C49B5980058DF5F /* CPSpotlightDocumentSource.swift in Sources */ = {isa = PBXBuildFile; fileRef = 60E693A81C49B5980058DF5F /* CPSpotlightDocumentSource.swift */; };
		60E693AC1C49BFDF0058DF5F /* CPHomeWindowDocumentEntry.m in Sources */ = {isa = PBXBuildFile; fileRef = 60E693AB1C49BFDF0058DF5F /* CPHomeWindowDocumentEntry.m */; };
		60E693B01C4A3AF80058DF5F /* NSAttributedString+Helpers.m in Sources */ = {isa = PBXBuildFile; fileRef = 60E693AF1C4A3AF80058DF5F /* NSAttributedString+Helpers.m */; };
		60E693B31C4A561E0058DF5F /* CPThickDecorationsWindow.swift in Sources */ = {isa = PBXBuildFile; fileRef = 60E693B21C4A561E0058DF5F /* CPThickDecorationsWindow.swift */; };
		60E693B51C4A71E50058DF5F /* CPSidebarDocumentsController.swift in Sources */ = {isa = PBXBuildFile; fileRef = 60E693B41C4A71E50058DF5F /* CPSidebarDocumentsController.swift */; };
		60E693B91C4A8DAD0058DF5F /* CPRecentDocumentSource.swift in Sources */ = {isa = PBXBuildFile; fileRef = 60E693B81C4A8DAD0058DF5F /* CPRecentDocumentSource.swift */; };
		60E693BB1C4A8F1D0058DF5F /* ColouredViews.swift in Sources */ = {isa = PBXBuildFile; fileRef = 60E693BA1C4A8F1D0058DF5F /* ColouredViews.swift */; };
		60E693BD1C4AC6390058DF5F /* CPHomeSidebarButton.swift in Sources */ = {isa = PBXBuildFile; fileRef = 60E693BC1C4AC6390058DF5F /* CPHomeSidebarButton.swift */; };
		60FE01671B9B7AA70027EEE3 /* SMLTextView+CocoaPods.m in Sources */ = {isa = PBXBuildFile; fileRef = 60FE01661B9B7AA70027EEE3 /* SMLTextView+CocoaPods.m */; };
		60FE01701B9B7F1E0027EEE3 /* SUUpdater+DebugMode.m in Sources */ = {isa = PBXBuildFile; fileRef = 60FE016F1B9B7F1E0027EEE3 /* SUUpdater+DebugMode.m */; };
		657841C91C6BE0EC00B6671E /* CPPodfileInitController.swift in Sources */ = {isa = PBXBuildFile; fileRef = 657841C81C6BE0EC00B6671E /* CPPodfileInitController.swift */; };
		66F2E29C1C492C5500A1AF1F /* NSColor+CPColors.m in Sources */ = {isa = PBXBuildFile; fileRef = 66F2E29B1C492C5500A1AF1F /* NSColor+CPColors.m */; };
		770382F41A2035B400435285 /* Localizable.strings in Resources */ = {isa = PBXBuildFile; fileRef = 770382F31A2035B400435285 /* Localizable.strings */; };
		77356D751A2253F1002822CF /* Media.xcassets in Resources */ = {isa = PBXBuildFile; fileRef = 77356D741A2253F1002822CF /* Media.xcassets */; };
		7C4B007D1B9B441800B6C782 /* CPANSIEscapeHelper.m in Sources */ = {isa = PBXBuildFile; fileRef = 7C4B007C1B9B441800B6C782 /* CPANSIEscapeHelper.m */; };
		934FF1871C4CB4ED000B4302 /* CPPodfileConsoleTextView.swift in Sources */ = {isa = PBXBuildFile; fileRef = 934FF1861C4CB4ED000B4302 /* CPPodfileConsoleTextView.swift */; };
		934FF1891C4F1E2A000B4302 /* CPDocumentController.swift in Sources */ = {isa = PBXBuildFile; fileRef = 934FF1881C4F1E2A000B4302 /* CPDocumentController.swift */; };
		93FB07E11C503572007B2CDA /* CPDocumentSource.swift in Sources */ = {isa = PBXBuildFile; fileRef = 93FB07E01C503572007B2CDA /* CPDocumentSource.swift */; };
		C90778391CE68CB400A7E235 /* WebKit.framework in Frameworks */ = {isa = PBXBuildFile; fileRef = C90778381CE68CB400A7E235 /* WebKit.framework */; };
		C907783D1CE68CCE00A7E235 /* SMLTextView+OptionClickPopover.swift in Sources */ = {isa = PBXBuildFile; fileRef = C907783B1CE68CCE00A7E235 /* SMLTextView+OptionClickPopover.swift */; };
		C907783E1CE68CCE00A7E235 /* String+Extensions.swift in Sources */ = {isa = PBXBuildFile; fileRef = C907783C1CE68CCE00A7E235 /* String+Extensions.swift */; };
		C90778401CE68CD900A7E235 /* CocoaPods.css in Resources */ = {isa = PBXBuildFile; fileRef = C907783F1CE68CD900A7E235 /* CocoaPods.css */; };
		D69F9D731CE679CF00ACB1BF /* CPPodFileWindowViewController.swift in Sources */ = {isa = PBXBuildFile; fileRef = D69F9D721CE679CF00ACB1BF /* CPPodFileWindowViewController.swift */; };
		D6B4AFBC1CED11AF0056F22B /* CPDebuggerCheck.m in Sources */ = {isa = PBXBuildFile; fileRef = D6B4AFBB1CED11AF0056F22B /* CPDebuggerCheck.m */; };
		E70998471C49AB5B00229507 /* Podfile.plist in Resources */ = {isa = PBXBuildFile; fileRef = E70998461C49AB5B00229507 /* Podfile.plist */; };
		E72E9FDA1C6E328C00A8705B /* CPStringArrayToSentenceValueTransformerSpec.swift in Sources */ = {isa = PBXBuildFile; fileRef = E72E9FD91C6E328C00A8705B /* CPStringArrayToSentenceValueTransformerSpec.swift */; };
		E72E9FDC1C6E38B400A8705B /* CocoaPodsTests-Bridging-Header.h in Sources */ = {isa = PBXBuildFile; fileRef = E72E9FDB1C6E379200A8705B /* CocoaPodsTests-Bridging-Header.h */; };
		E72E9FDE1C6E459800A8705B /* CPTestHelper.swift in Sources */ = {isa = PBXBuildFile; fileRef = E72E9FDD1C6E459800A8705B /* CPTestHelper.swift */; };
		E72E9FDF1C6E4DC900A8705B /* CPTestHelper.swift in Sources */ = {isa = PBXBuildFile; fileRef = E72E9FDD1C6E459800A8705B /* CPTestHelper.swift */; };
		E7ACFDBE1CCAA26C00475976 /* CPDeintegrateController.swift in Sources */ = {isa = PBXBuildFile; fileRef = E7ACFDBD1CCAA26C00475976 /* CPDeintegrateController.swift */; };
		FA16FAD21C144BF300DC3791 /* URLHandler.swift in Sources */ = {isa = PBXBuildFile; fileRef = FA16FAD11C144BF300DC3791 /* URLHandler.swift */; };
		FCDCC48F0E8CE099C20D1DEB /* Pods_CocoaPodsTests.framework in Frameworks */ = {isa = PBXBuildFile; fileRef = 62FB6E124C8280A7EBFD41C6 /* Pods_CocoaPodsTests.framework */; };
/* End PBXBuildFile section */

/* Begin PBXContainerItemProxy section */
		5102542C1C0A60680045FCD8 /* PBXContainerItemProxy */ = {
			isa = PBXContainerItemProxy;
			containerPortal = 51165E171A17AFF500DCFC94 /* Project object */;
			proxyType = 1;
			remoteGlobalIDString = 510254221C0A60670045FCD8;
			remoteInfo = ReflectionService;
		};
		51165E4F1A190F8D00DCFC94 /* PBXContainerItemProxy */ = {
			isa = PBXContainerItemProxy;
			containerPortal = 51165E171A17AFF500DCFC94 /* Project object */;
			proxyType = 1;
			remoteGlobalIDString = 51165E471A17B2D200DCFC94;
			remoteInfo = pod;
		};
		60F02D1E1C0A2A6D003600FE /* PBXContainerItemProxy */ = {
			isa = PBXContainerItemProxy;
			containerPortal = 51165E171A17AFF500DCFC94 /* Project object */;
			proxyType = 1;
			remoteGlobalIDString = 51165E1E1A17AFF500DCFC94;
			remoteInfo = CocoaPods;
		};
/* End PBXContainerItemProxy section */

/* Begin PBXCopyFilesBuildPhase section */
		1FFFBB091BA25469004A8D1E /* Copy Helper Executables */ = {
			isa = PBXCopyFilesBuildPhase;
			buildActionMask = 2147483647;
			dstPath = Contents/Helpers;
			dstSubfolderSpec = 1;
			files = (
				1FFFBB0A1BA25486004A8D1E /* pod in Copy Helper Executables */,
			);
			name = "Copy Helper Executables";
			runOnlyForDeploymentPostprocessing = 0;
		};
		5102542E1C0A60680045FCD8 /* Embed XPC Services */ = {
			isa = PBXCopyFilesBuildPhase;
			buildActionMask = 2147483647;
			dstPath = "$(CONTENTS_FOLDER_PATH)/XPCServices";
			dstSubfolderSpec = 16;
			files = (
				5102542F1C0A60680045FCD8 /* ReflectionService.xpc in Embed XPC Services */,
			);
			name = "Embed XPC Services";
			runOnlyForDeploymentPostprocessing = 0;
		};
		510F096F1C0A70DD00F40F2B /* Copy RubyCocoa.framework */ = {
			isa = PBXCopyFilesBuildPhase;
			buildActionMask = 2147483647;
			dstPath = "";
			dstSubfolderSpec = 10;
			files = (
				510F09701C0A70EF00F40F2B /* RubyCocoa.framework in Copy RubyCocoa.framework */,
			);
			name = "Copy RubyCocoa.framework";
			runOnlyForDeploymentPostprocessing = 0;
		};
		51165E461A17B2D200DCFC94 /* CopyFiles */ = {
			isa = PBXCopyFilesBuildPhase;
			buildActionMask = 2147483647;
			dstPath = /usr/share/man/man1/;
			dstSubfolderSpec = 0;
			files = (
			);
			runOnlyForDeploymentPostprocessing = 1;
		};
/* End PBXCopyFilesBuildPhase section */

/* Begin PBXFileReference section */
		1F9177551BA27592006698C9 /* CPHomeWindowController.h */ = {isa = PBXFileReference; fileEncoding = 4; lastKnownFileType = sourcecode.c.h; path = CPHomeWindowController.h; sourceTree = "<group>"; };
		1F9177561BA27592006698C9 /* CPHomeWindowController.m */ = {isa = PBXFileReference; fileEncoding = 4; lastKnownFileType = sourcecode.c.objc; path = CPHomeWindowController.m; sourceTree = "<group>"; };
		1F91775B1BA27598006698C9 /* Base */ = {isa = PBXFileReference; lastKnownFileType = file.xib; name = Base; path = Base.lproj/CPHomeWindowController.xib; sourceTree = "<group>"; };
		331188551BEBCB0F00272793 /* CPCLIToolInstallationController.h */ = {isa = PBXFileReference; fileEncoding = 4; lastKnownFileType = sourcecode.c.h; name = CPCLIToolInstallationController.h; path = "CLI Integrations/CPCLIToolInstallationController.h"; sourceTree = "<group>"; };
		331188561BEBCB0F00272793 /* CPCLIToolInstallationController.m */ = {isa = PBXFileReference; fileEncoding = 4; lastKnownFileType = sourcecode.c.objc; name = CPCLIToolInstallationController.m; path = "CLI Integrations/CPCLIToolInstallationController.m"; sourceTree = "<group>"; };
		331188581BEBCB4200272793 /* CPCLITask.h */ = {isa = PBXFileReference; fileEncoding = 4; lastKnownFileType = sourcecode.c.h; path = CPCLITask.h; sourceTree = "<group>"; };
		331188591BEBCB4200272793 /* CPCLITask.m */ = {isa = PBXFileReference; fileEncoding = 4; lastKnownFileType = sourcecode.c.objc; path = CPCLITask.m; sourceTree = "<group>"; };
		48BFECFC4C849B1ABEB40B43 /* Pods.framework */ = {isa = PBXFileReference; explicitFileType = wrapper.framework; includeInIndex = 0; path = Pods.framework; sourceTree = BUILT_PRODUCTS_DIR; };
		510254231C0A60670045FCD8 /* ReflectionService.xpc */ = {isa = PBXFileReference; explicitFileType = "wrapper.xpc-service"; includeInIndex = 0; path = ReflectionService.xpc; sourceTree = BUILT_PRODUCTS_DIR; };
		510254251C0A60680045FCD8 /* CPReflectionServiceProtocol.h */ = {isa = PBXFileReference; lastKnownFileType = sourcecode.c.h; path = CPReflectionServiceProtocol.h; sourceTree = "<group>"; };
		510254261C0A60680045FCD8 /* CPReflectionService.h */ = {isa = PBXFileReference; lastKnownFileType = sourcecode.c.h; path = CPReflectionService.h; sourceTree = "<group>"; };
		510254271C0A60680045FCD8 /* CPReflectionService.m */ = {isa = PBXFileReference; lastKnownFileType = sourcecode.c.objc; path = CPReflectionService.m; sourceTree = "<group>"; };
		510254291C0A60680045FCD8 /* main.m */ = {isa = PBXFileReference; lastKnownFileType = sourcecode.c.objc; path = main.m; sourceTree = "<group>"; };
		5102542B1C0A60680045FCD8 /* Info.plist */ = {isa = PBXFileReference; lastKnownFileType = text.plist.xml; path = Info.plist; sourceTree = "<group>"; };
		510F09721C0A734800F40F2B /* CPRubyErrors.m */ = {isa = PBXFileReference; fileEncoding = 4; lastKnownFileType = sourcecode.c.objc; path = CPRubyErrors.m; sourceTree = "<group>"; };
		510F09741C0A736300F40F2B /* CPRubyErrors.h */ = {isa = PBXFileReference; lastKnownFileType = sourcecode.c.h; path = CPRubyErrors.h; sourceTree = "<group>"; };
		51165E1F1A17AFF500DCFC94 /* CocoaPods.app */ = {isa = PBXFileReference; explicitFileType = wrapper.application; includeInIndex = 0; path = CocoaPods.app; sourceTree = BUILT_PRODUCTS_DIR; };
		51165E231A17AFF500DCFC94 /* Info.plist */ = {isa = PBXFileReference; lastKnownFileType = text.plist.xml; path = Info.plist; sourceTree = "<group>"; };
		51165E241A17AFF500DCFC94 /* CPAppDelegate.h */ = {isa = PBXFileReference; lastKnownFileType = sourcecode.c.h; path = CPAppDelegate.h; sourceTree = "<group>"; };
		51165E251A17AFF500DCFC94 /* CPAppDelegate.m */ = {isa = PBXFileReference; lastKnownFileType = sourcecode.c.objc; path = CPAppDelegate.m; sourceTree = "<group>"; };
		51165E271A17AFF500DCFC94 /* main.m */ = {isa = PBXFileReference; lastKnownFileType = sourcecode.c.objc; path = main.m; sourceTree = "<group>"; };
		51165E2C1A17AFF500DCFC94 /* Base */ = {isa = PBXFileReference; lastKnownFileType = file.xib; name = Base; path = Base.lproj/MainMenu.xib; sourceTree = "<group>"; };
		51165E421A17B20700DCFC94 /* bundle */ = {isa = PBXFileReference; lastKnownFileType = folder; name = bundle; path = ../destroot/bundle; sourceTree = "<group>"; };
		51165E481A17B2D200DCFC94 /* pod */ = {isa = PBXFileReference; explicitFileType = "compiled.mach-o.executable"; includeInIndex = 0; path = pod; sourceTree = BUILT_PRODUCTS_DIR; };
		51165E4A1A17B2D200DCFC94 /* main.c */ = {isa = PBXFileReference; lastKnownFileType = sourcecode.c.c; path = main.c; sourceTree = "<group>"; };
		51165E521A1973CC00DCFC94 /* SecurityFoundation.framework */ = {isa = PBXFileReference; lastKnownFileType = wrapper.framework; name = SecurityFoundation.framework; path = System/Library/Frameworks/SecurityFoundation.framework; sourceTree = SDKROOT; };
		51165E541A1B925200DCFC94 /* CPUserProject.h */ = {isa = PBXFileReference; fileEncoding = 4; lastKnownFileType = sourcecode.c.h; path = CPUserProject.h; sourceTree = "<group>"; };
		51165E551A1B925300DCFC94 /* CPUserProject.m */ = {isa = PBXFileReference; fileEncoding = 4; lastKnownFileType = sourcecode.c.objc; path = CPUserProject.m; sourceTree = "<group>"; };
		5127C3281A23E6CA0093143B /* CoreFoundation.framework */ = {isa = PBXFileReference; lastKnownFileType = wrapper.framework; name = CoreFoundation.framework; path = System/Library/Frameworks/CoreFoundation.framework; sourceTree = SDKROOT; };
		5127C32A1A23E6DD0093143B /* CoreServices.framework */ = {isa = PBXFileReference; lastKnownFileType = wrapper.framework; name = CoreServices.framework; path = System/Library/Frameworks/CoreServices.framework; sourceTree = SDKROOT; };
		514280C91C36C1BD00DCE23D /* libffi.tbd */ = {isa = PBXFileReference; lastKnownFileType = "sourcecode.text-based-dylib-definition"; name = libffi.tbd; path = usr/lib/libffi.tbd; sourceTree = SDKROOT; };
		5180FE931AD2A51300314D61 /* LICENSE */ = {isa = PBXFileReference; fileEncoding = 4; lastKnownFileType = text; name = LICENSE; path = ../../../LICENSE; sourceTree = "<group>"; };
		519C328E1C029E3C003BDC49 /* libruby+exts.a */ = {isa = PBXFileReference; lastKnownFileType = archive.ar; path = "libruby+exts.a"; sourceTree = "<group>"; };
		51CFC7831A2DF88700F9ABCB /* Security.framework */ = {isa = PBXFileReference; lastKnownFileType = wrapper.framework; name = Security.framework; path = System/Library/Frameworks/Security.framework; sourceTree = SDKROOT; };
		51CFC7851A2DF8E000F9ABCB /* Cocoa.framework */ = {isa = PBXFileReference; lastKnownFileType = wrapper.framework; name = Cocoa.framework; path = System/Library/Frameworks/Cocoa.framework; sourceTree = SDKROOT; };
		51D2E5AF1A212A0800C0B153 /* Syntax Definitions */ = {isa = PBXFileReference; lastKnownFileType = folder; path = "Syntax Definitions"; sourceTree = "<group>"; };
		51D2E5B01A212A0800C0B153 /* SyntaxDefinitions.plist */ = {isa = PBXFileReference; fileEncoding = 4; lastKnownFileType = text.plist.xml; path = SyntaxDefinitions.plist; sourceTree = "<group>"; };
		51EA178A1C00D279000DC69A /* RBObject+CocoaPods.h */ = {isa = PBXFileReference; fileEncoding = 4; lastKnownFileType = sourcecode.c.h; path = "RBObject+CocoaPods.h"; sourceTree = "<group>"; };
		51EA178B1C00D279000DC69A /* RBObject+CocoaPods.m */ = {isa = PBXFileReference; fileEncoding = 4; lastKnownFileType = sourcecode.c.objc; path = "RBObject+CocoaPods.m"; sourceTree = "<group>"; };
		51EA178D1C0147BD000DC69A /* RBObject+CocoaPods.rb */ = {isa = PBXFileReference; fileEncoding = 4; lastKnownFileType = text.script.ruby; path = "RBObject+CocoaPods.rb"; sourceTree = "<group>"; };
		51EA178F1C0155E9000DC69A /* RubyCocoa.framework */ = {isa = PBXFileReference; lastKnownFileType = wrapper.framework; name = RubyCocoa.framework; path = RubyCocoa/framework/build/Default/RubyCocoa.framework; sourceTree = "<group>"; };
		57995E0E6B8704BE797552B2 /* Pods-CocoaPods.debug.xcconfig */ = {isa = PBXFileReference; includeInIndex = 1; lastKnownFileType = text.xcconfig; name = "Pods-CocoaPods.debug.xcconfig"; path = "Pods/Target Support Files/Pods-CocoaPods/Pods-CocoaPods.debug.xcconfig"; sourceTree = "<group>"; };
		5BD58BBC1C6D2A7C003787F5 /* CPXcodeProjectCell.swift */ = {isa = PBXFileReference; fileEncoding = 4; lastKnownFileType = sourcecode.swift; path = CPXcodeProjectCell.swift; sourceTree = "<group>"; };
		5BEC5ABC1C4D97C90045F362 /* CPPodfileErrorState.swift */ = {isa = PBXFileReference; fileEncoding = 4; lastKnownFileType = sourcecode.swift; path = CPPodfileErrorState.swift; sourceTree = "<group>"; };
		5D0F8EC2FC9E25C9EF3CED3F /* Pods-CocoaPodsTests.release.xcconfig */ = {isa = PBXFileReference; includeInIndex = 1; lastKnownFileType = text.xcconfig; name = "Pods-CocoaPodsTests.release.xcconfig"; path = "Pods/Target Support Files/Pods-CocoaPodsTests/Pods-CocoaPodsTests.release.xcconfig"; sourceTree = "<group>"; };
		5E946F3E1C1621F000EFEA7B /* CPTabViewDelegate.swift */ = {isa = PBXFileReference; fileEncoding = 4; lastKnownFileType = sourcecode.swift; path = CPTabViewDelegate.swift; sourceTree = "<group>"; };
		5EF5B7861C17990400F8C39E /* CPSideButton.swift */ = {isa = PBXFileReference; fileEncoding = 4; lastKnownFileType = sourcecode.swift; path = CPSideButton.swift; sourceTree = "<group>"; };
		60017B5C1C47B6220037658A /* CPMiniPromise.h */ = {isa = PBXFileReference; fileEncoding = 4; lastKnownFileType = sourcecode.c.h; path = CPMiniPromise.h; sourceTree = "<group>"; };
		60017B5D1C47B6220037658A /* CPMiniPromise.m */ = {isa = PBXFileReference; fileEncoding = 4; lastKnownFileType = sourcecode.c.objc; path = CPMiniPromise.m; sourceTree = "<group>"; };
		600CACE71C4669030048F2F3 /* CPStringArrayToSentenceValueTransformer.h */ = {isa = PBXFileReference; fileEncoding = 4; lastKnownFileType = sourcecode.c.h; path = CPStringArrayToSentenceValueTransformer.h; sourceTree = "<group>"; };
		600CACE81C4669030048F2F3 /* CPStringArrayToSentenceValueTransformer.m */ = {isa = PBXFileReference; fileEncoding = 4; lastKnownFileType = sourcecode.c.objc; path = CPStringArrayToSentenceValueTransformer.m; sourceTree = "<group>"; };
		600DDCAE1C14C1850074C1E4 /* CPMiniSnaphots.swift */ = {isa = PBXFileReference; fileEncoding = 4; lastKnownFileType = sourcecode.swift; path = CPMiniSnaphots.swift; sourceTree = "<group>"; };
		60107F171CC8CB1B002F772E /* CPSourceReposViewController.swift */ = {isa = PBXFileReference; fileEncoding = 4; lastKnownFileType = sourcecode.swift; path = CPSourceReposViewController.swift; sourceTree = "<group>"; };
		601ACAA11C389E9B0058FA86 /* CPXcodeInformationGenerator.h */ = {isa = PBXFileReference; fileEncoding = 4; lastKnownFileType = sourcecode.c.h; path = CPXcodeInformationGenerator.h; sourceTree = "<group>"; };
		601ACAA21C389E9B0058FA86 /* CPXcodeInformationGenerator.m */ = {isa = PBXFileReference; fileEncoding = 4; lastKnownFileType = sourcecode.c.objc; path = CPXcodeInformationGenerator.m; sourceTree = "<group>"; };
		601ACAA41C392BDD0058FA86 /* NSArray+Helpers.h */ = {isa = PBXFileReference; fileEncoding = 4; lastKnownFileType = sourcecode.c.h; path = "NSArray+Helpers.h"; sourceTree = "<group>"; };
		601ACAA51C392BDD0058FA86 /* NSArray+Helpers.m */ = {isa = PBXFileReference; fileEncoding = 4; lastKnownFileType = sourcecode.c.objc; path = "NSArray+Helpers.m"; sourceTree = "<group>"; };
		601F910B1BE63B8100AD22B1 /* CPExternalLinksHelper.h */ = {isa = PBXFileReference; fileEncoding = 4; lastKnownFileType = sourcecode.c.h; path = CPExternalLinksHelper.h; sourceTree = "<group>"; };
		601F910C1BE63B8100AD22B1 /* CPExternalLinksHelper.m */ = {isa = PBXFileReference; fileEncoding = 4; lastKnownFileType = sourcecode.c.objc; path = CPExternalLinksHelper.m; sourceTree = "<group>"; };
		601F91131BE6435E00AD22B1 /* NSURL+TersePaths.h */ = {isa = PBXFileReference; fileEncoding = 4; lastKnownFileType = sourcecode.c.h; path = "NSURL+TersePaths.h"; sourceTree = "<group>"; };
		601F91141BE6435E00AD22B1 /* NSURL+TersePaths.m */ = {isa = PBXFileReference; fileEncoding = 4; lastKnownFileType = sourcecode.c.objc; path = "NSURL+TersePaths.m"; sourceTree = "<group>"; };
		60227EC11C351A6300A29515 /* CPPodfilePluginCoordinator.swift */ = {isa = PBXFileReference; fileEncoding = 4; lastKnownFileType = sourcecode.swift; path = CPPodfilePluginCoordinator.swift; sourceTree = "<group>"; };
		60227EC31C351A7700A29515 /* CPInstallPluginsViewController.swift */ = {isa = PBXFileReference; fileEncoding = 4; lastKnownFileType = sourcecode.swift; path = CPInstallPluginsViewController.swift; sourceTree = "<group>"; };
		602D84541CC58B5100EE3076 /* CPSourceRepoCoordinator.swift */ = {isa = PBXFileReference; fileEncoding = 4; lastKnownFileType = sourcecode.swift; path = CPSourceRepoCoordinator.swift; sourceTree = "<group>"; };
		6033ECB11C1E6B4D00C2EDAD /* Home Screen.xcassets */ = {isa = PBXFileReference; lastKnownFileType = folder.assetcatalog; path = "Home Screen.xcassets"; sourceTree = "<group>"; };
		6035BFEF1C07C916003250A8 /* CPHiddenTabViewController.swift */ = {isa = PBXFileReference; fileEncoding = 4; lastKnownFileType = sourcecode.swift; path = CPHiddenTabViewController.swift; sourceTree = "<group>"; };
		6038B78B1C28B57600359F3B /* CPMetadataTableViewDataSource.swift */ = {isa = PBXFileReference; fileEncoding = 4; lastKnownFileType = sourcecode.swift; path = CPMetadataTableViewDataSource.swift; sourceTree = "<group>"; };
		603F7F1D1C1DE895006C2571 /* CPMenuVisiblityDirector.swift */ = {isa = PBXFileReference; fileEncoding = 4; lastKnownFileType = sourcecode.swift; path = CPMenuVisiblityDirector.swift; sourceTree = "<group>"; };
		604C26CC1C07843C00E16D84 /* CPPodfileConsoleViewController.swift */ = {isa = PBXFileReference; fileEncoding = 4; lastKnownFileType = sourcecode.swift; path = CPPodfileConsoleViewController.swift; sourceTree = "<group>"; };
		6051191C1C08A1EA0037B95E /* CPModifiedDecorationsWindow.swift */ = {isa = PBXFileReference; fileEncoding = 4; lastKnownFileType = sourcecode.swift; path = CPModifiedDecorationsWindow.swift; sourceTree = "<group>"; };
		6051191F1C08C4C00037B95E /* CPReturnTriggeringTableView.swift */ = {isa = PBXFileReference; fileEncoding = 4; lastKnownFileType = sourcecode.swift; path = CPReturnTriggeringTableView.swift; sourceTree = "<group>"; };
		605119221C08F02D0037B95E /* CPBrownVisualEffectsView.swift */ = {isa = PBXFileReference; fileEncoding = 4; lastKnownFileType = sourcecode.swift; path = CPBrownVisualEffectsView.swift; sourceTree = "<group>"; };
		605119241C08F5880037B95E /* CPFontAndColourGateKeeper.swift */ = {isa = PBXFileReference; fileEncoding = 4; lastKnownFileType = sourcecode.swift; path = CPFontAndColourGateKeeper.swift; sourceTree = "<group>"; };
		605119261C0909420037B95E /* CPPodfileReflection.h */ = {isa = PBXFileReference; fileEncoding = 4; lastKnownFileType = sourcecode.c.h; path = CPPodfileReflection.h; sourceTree = "<group>"; };
		605119271C0909420037B95E /* CPPodfileReflection.m */ = {isa = PBXFileReference; fileEncoding = 4; lastKnownFileType = sourcecode.c.objc; path = CPPodfileReflection.m; sourceTree = "<group>"; };
		6061C54D1CCB5BF70063C44A /* CPMenuRepoUpdateDirector.swift */ = {isa = PBXFileReference; fileEncoding = 4; lastKnownFileType = sourcecode.swift; path = CPMenuRepoUpdateDirector.swift; sourceTree = "<group>"; };
		6061C54F1CCBA9000063C44A /* CHANGELOG.md */ = {isa = PBXFileReference; lastKnownFileType = net.daringfireball.markdown; name = CHANGELOG.md; path = ../../CHANGELOG.md; sourceTree = "<group>"; };
		606C84711C14C4CA00C6D15F /* CPPodfileMetadataViewController.swift */ = {isa = PBXFileReference; fileEncoding = 4; lastKnownFileType = sourcecode.swift; path = CPPodfileMetadataViewController.swift; sourceTree = "<group>"; };
		606D1ED11BF90705000B7148 /* Podfile.storyboard */ = {isa = PBXFileReference; fileEncoding = 4; lastKnownFileType = file.storyboard; path = Podfile.storyboard; sourceTree = "<group>"; };
		606D1ED31BF91040000B7148 /* CocoaPods-Bridging-Header.h */ = {isa = PBXFileReference; lastKnownFileType = sourcecode.c.h; path = "CocoaPods-Bridging-Header.h"; sourceTree = "<group>"; };
		606D1ED41BF91040000B7148 /* CPPodfileEditorViewController.swift */ = {isa = PBXFileReference; fileEncoding = 4; lastKnownFileType = sourcecode.swift; path = CPPodfileEditorViewController.swift; sourceTree = "<group>"; };
		606D1ED91BF911EF000B7148 /* CPPodfileViewController.swift */ = {isa = PBXFileReference; fileEncoding = 4; lastKnownFileType = sourcecode.swift; path = CPPodfileViewController.swift; sourceTree = "<group>"; };
		6075BA641C068B5F00A5C491 /* Podfile.xcassets */ = {isa = PBXFileReference; lastKnownFileType = folder.assetcatalog; path = Podfile.xcassets; sourceTree = "<group>"; };
		6075BA661C06963700A5C491 /* CPInstallAction.swift */ = {isa = PBXFileReference; fileEncoding = 4; lastKnownFileType = sourcecode.swift; path = CPInstallAction.swift; sourceTree = "<group>"; };
		60814A831C2B100F00D6663E /* CPBorderedButton.h */ = {isa = PBXFileReference; fileEncoding = 4; lastKnownFileType = sourcecode.c.h; path = CPBorderedButton.h; sourceTree = "<group>"; };
		60814A841C2B100F00D6663E /* CPBorderedButton.m */ = {isa = PBXFileReference; fileEncoding = 4; lastKnownFileType = sourcecode.c.objc; path = CPBorderedButton.m; sourceTree = "<group>"; };
		60814A861C2BCFEA00D6663E /* CPWhiteCheckedButton.h */ = {isa = PBXFileReference; fileEncoding = 4; lastKnownFileType = sourcecode.c.h; path = CPWhiteCheckedButton.h; sourceTree = "<group>"; };
		60814A871C2BCFEA00D6663E /* CPWhiteCheckedButton.m */ = {isa = PBXFileReference; fileEncoding = 4; lastKnownFileType = sourcecode.c.objc; path = CPWhiteCheckedButton.m; sourceTree = "<group>"; };
		60814A891C2C420600D6663E /* CPInterfaceBuilderOnlyLabels.swift */ = {isa = PBXFileReference; fileEncoding = 4; lastKnownFileType = sourcecode.swift; path = CPInterfaceBuilderOnlyLabels.swift; sourceTree = "<group>"; };
		60890BB21CD0BD3D00810BFC /* CPLocalizedString.swift */ = {isa = PBXFileReference; fileEncoding = 4; lastKnownFileType = sourcecode.swift; path = CPLocalizedString.swift; sourceTree = "<group>"; };
		60C2CBF01CC238CF009B30CA /* CPHomeMenuTableCellView.h */ = {isa = PBXFileReference; fileEncoding = 4; lastKnownFileType = sourcecode.c.h; path = CPHomeMenuTableCellView.h; sourceTree = "<group>"; };
		60C2CBF11CC238CF009B30CA /* CPHomeMenuTableCellView.m */ = {isa = PBXFileReference; fileEncoding = 4; lastKnownFileType = sourcecode.c.objc; path = CPHomeMenuTableCellView.m; sourceTree = "<group>"; };
		60C2CBF31CC25D5A009B30CA /* CPSparkleDelegate.swift */ = {isa = PBXFileReference; fileEncoding = 4; lastKnownFileType = sourcecode.swift; path = CPSparkleDelegate.swift; sourceTree = "<group>"; };
		60E693A81C49B5980058DF5F /* CPSpotlightDocumentSource.swift */ = {isa = PBXFileReference; fileEncoding = 4; lastKnownFileType = sourcecode.swift; path = CPSpotlightDocumentSource.swift; sourceTree = "<group>"; };
		60E693AA1C49BFDF0058DF5F /* CPHomeWindowDocumentEntry.h */ = {isa = PBXFileReference; fileEncoding = 4; lastKnownFileType = sourcecode.c.h; path = CPHomeWindowDocumentEntry.h; sourceTree = "<group>"; };
		60E693AB1C49BFDF0058DF5F /* CPHomeWindowDocumentEntry.m */ = {isa = PBXFileReference; fileEncoding = 4; lastKnownFileType = sourcecode.c.objc; path = CPHomeWindowDocumentEntry.m; sourceTree = "<group>"; };
		60E693AE1C4A3AF80058DF5F /* NSAttributedString+Helpers.h */ = {isa = PBXFileReference; fileEncoding = 4; lastKnownFileType = sourcecode.c.h; path = "NSAttributedString+Helpers.h"; sourceTree = "<group>"; };
		60E693AF1C4A3AF80058DF5F /* NSAttributedString+Helpers.m */ = {isa = PBXFileReference; fileEncoding = 4; lastKnownFileType = sourcecode.c.objc; path = "NSAttributedString+Helpers.m"; sourceTree = "<group>"; };
		60E693B21C4A561E0058DF5F /* CPThickDecorationsWindow.swift */ = {isa = PBXFileReference; fileEncoding = 4; lastKnownFileType = sourcecode.swift; path = CPThickDecorationsWindow.swift; sourceTree = "<group>"; };
		60E693B41C4A71E50058DF5F /* CPSidebarDocumentsController.swift */ = {isa = PBXFileReference; fileEncoding = 4; lastKnownFileType = sourcecode.swift; path = CPSidebarDocumentsController.swift; sourceTree = "<group>"; };
		60E693B81C4A8DAD0058DF5F /* CPRecentDocumentSource.swift */ = {isa = PBXFileReference; fileEncoding = 4; lastKnownFileType = sourcecode.swift; path = CPRecentDocumentSource.swift; sourceTree = "<group>"; };
		60E693BA1C4A8F1D0058DF5F /* ColouredViews.swift */ = {isa = PBXFileReference; fileEncoding = 4; lastKnownFileType = sourcecode.swift; path = ColouredViews.swift; sourceTree = "<group>"; };
		60E693BC1C4AC6390058DF5F /* CPHomeSidebarButton.swift */ = {isa = PBXFileReference; fileEncoding = 4; lastKnownFileType = sourcecode.swift; path = CPHomeSidebarButton.swift; sourceTree = "<group>"; };
		60F02D191C0A2A6D003600FE /* CocoaPodsTests.xctest */ = {isa = PBXFileReference; explicitFileType = wrapper.cfbundle; includeInIndex = 0; path = CocoaPodsTests.xctest; sourceTree = BUILT_PRODUCTS_DIR; };
		60F02D1D1C0A2A6D003600FE /* Info.plist */ = {isa = PBXFileReference; lastKnownFileType = text.plist.xml; path = Info.plist; sourceTree = "<group>"; };
		60FE01661B9B7AA70027EEE3 /* SMLTextView+CocoaPods.m */ = {isa = PBXFileReference; fileEncoding = 4; lastKnownFileType = sourcecode.c.objc; path = "SMLTextView+CocoaPods.m"; sourceTree = "<group>"; };
		60FE016F1B9B7F1E0027EEE3 /* SUUpdater+DebugMode.m */ = {isa = PBXFileReference; fileEncoding = 4; lastKnownFileType = sourcecode.c.objc; path = "SUUpdater+DebugMode.m"; sourceTree = "<group>"; };
		62FB6E124C8280A7EBFD41C6 /* Pods_CocoaPodsTests.framework */ = {isa = PBXFileReference; explicitFileType = wrapper.framework; includeInIndex = 0; path = Pods_CocoaPodsTests.framework; sourceTree = BUILT_PRODUCTS_DIR; };
		657841C81C6BE0EC00B6671E /* CPPodfileInitController.swift */ = {isa = PBXFileReference; fileEncoding = 4; lastKnownFileType = sourcecode.swift; path = CPPodfileInitController.swift; sourceTree = "<group>"; };
		66F2E29A1C492C5500A1AF1F /* NSColor+CPColors.h */ = {isa = PBXFileReference; fileEncoding = 4; lastKnownFileType = sourcecode.c.h; path = "NSColor+CPColors.h"; sourceTree = "<group>"; };
		66F2E29B1C492C5500A1AF1F /* NSColor+CPColors.m */ = {isa = PBXFileReference; fileEncoding = 4; lastKnownFileType = sourcecode.c.objc; path = "NSColor+CPColors.m"; sourceTree = "<group>"; };
		750B3A66521735BD745849E5 /* Pods-CocoaPodsTests.debug.xcconfig */ = {isa = PBXFileReference; includeInIndex = 1; lastKnownFileType = text.xcconfig; name = "Pods-CocoaPodsTests.debug.xcconfig"; path = "Pods/Target Support Files/Pods-CocoaPodsTests/Pods-CocoaPodsTests.debug.xcconfig"; sourceTree = "<group>"; };
		770382F31A2035B400435285 /* Localizable.strings */ = {isa = PBXFileReference; fileEncoding = 4; lastKnownFileType = text.plist.strings; path = Localizable.strings; sourceTree = "<group>"; };
		77356D741A2253F1002822CF /* Media.xcassets */ = {isa = PBXFileReference; lastKnownFileType = folder.assetcatalog; path = Media.xcassets; sourceTree = "<group>"; };
		7C4B007B1B9B441800B6C782 /* CPANSIEscapeHelper.h */ = {isa = PBXFileReference; fileEncoding = 4; lastKnownFileType = sourcecode.c.h; path = CPANSIEscapeHelper.h; sourceTree = "<group>"; };
		7C4B007C1B9B441800B6C782 /* CPANSIEscapeHelper.m */ = {isa = PBXFileReference; fileEncoding = 4; lastKnownFileType = sourcecode.c.objc; path = CPANSIEscapeHelper.m; sourceTree = "<group>"; };
		934FF1861C4CB4ED000B4302 /* CPPodfileConsoleTextView.swift */ = {isa = PBXFileReference; fileEncoding = 4; lastKnownFileType = sourcecode.swift; path = CPPodfileConsoleTextView.swift; sourceTree = "<group>"; };
		934FF1881C4F1E2A000B4302 /* CPDocumentController.swift */ = {isa = PBXFileReference; fileEncoding = 4; lastKnownFileType = sourcecode.swift; path = CPDocumentController.swift; sourceTree = "<group>"; };
		93FB07E01C503572007B2CDA /* CPDocumentSource.swift */ = {isa = PBXFileReference; fileEncoding = 4; lastKnownFileType = sourcecode.swift; path = CPDocumentSource.swift; sourceTree = "<group>"; };
		C90778381CE68CB400A7E235 /* WebKit.framework */ = {isa = PBXFileReference; lastKnownFileType = wrapper.framework; name = WebKit.framework; path = System/Library/Frameworks/WebKit.framework; sourceTree = SDKROOT; };
		C907783B1CE68CCE00A7E235 /* SMLTextView+OptionClickPopover.swift */ = {isa = PBXFileReference; fileEncoding = 4; lastKnownFileType = sourcecode.swift; path = "SMLTextView+OptionClickPopover.swift"; sourceTree = "<group>"; };
		C907783C1CE68CCE00A7E235 /* String+Extensions.swift */ = {isa = PBXFileReference; fileEncoding = 4; lastKnownFileType = sourcecode.swift; path = "String+Extensions.swift"; sourceTree = "<group>"; };
		C907783F1CE68CD900A7E235 /* CocoaPods.css */ = {isa = PBXFileReference; fileEncoding = 4; lastKnownFileType = text.css; path = CocoaPods.css; sourceTree = "<group>"; };
		D69F9D721CE679CF00ACB1BF /* CPPodFileWindowViewController.swift */ = {isa = PBXFileReference; fileEncoding = 4; lastKnownFileType = sourcecode.swift; path = CPPodFileWindowViewController.swift; sourceTree = "<group>"; };
		D6B4AFBA1CED11AF0056F22B /* CPDebuggerCheck.h */ = {isa = PBXFileReference; fileEncoding = 4; lastKnownFileType = sourcecode.c.h; path = CPDebuggerCheck.h; sourceTree = "<group>"; };
		D6B4AFBB1CED11AF0056F22B /* CPDebuggerCheck.m */ = {isa = PBXFileReference; fileEncoding = 4; lastKnownFileType = sourcecode.c.objc; path = CPDebuggerCheck.m; sourceTree = "<group>"; };
		E70998461C49AB5B00229507 /* Podfile.plist */ = {isa = PBXFileReference; fileEncoding = 4; lastKnownFileType = text.plist.xml; name = Podfile.plist; path = "Syntax Definitions/Podfile.plist"; sourceTree = "<group>"; };
		E72E9FD91C6E328C00A8705B /* CPStringArrayToSentenceValueTransformerSpec.swift */ = {isa = PBXFileReference; fileEncoding = 4; lastKnownFileType = sourcecode.swift; path = CPStringArrayToSentenceValueTransformerSpec.swift; sourceTree = "<group>"; };
		E72E9FDB1C6E379200A8705B /* CocoaPodsTests-Bridging-Header.h */ = {isa = PBXFileReference; fileEncoding = 4; lastKnownFileType = sourcecode.c.h; path = "CocoaPodsTests-Bridging-Header.h"; sourceTree = "<group>"; };
		E72E9FDD1C6E459800A8705B /* CPTestHelper.swift */ = {isa = PBXFileReference; fileEncoding = 4; lastKnownFileType = sourcecode.swift; path = CPTestHelper.swift; sourceTree = "<group>"; };
		E7ACFDBD1CCAA26C00475976 /* CPDeintegrateController.swift */ = {isa = PBXFileReference; fileEncoding = 4; lastKnownFileType = sourcecode.swift; path = CPDeintegrateController.swift; sourceTree = "<group>"; };
		EBD9373107B77CCDFCD43B67 /* Pods-CocoaPods.release.xcconfig */ = {isa = PBXFileReference; includeInIndex = 1; lastKnownFileType = text.xcconfig; name = "Pods-CocoaPods.release.xcconfig"; path = "Pods/Target Support Files/Pods-CocoaPods/Pods-CocoaPods.release.xcconfig"; sourceTree = "<group>"; };
		EEB7DFACCFDF9B3B443AF311 /* Pods_CocoaPods.framework */ = {isa = PBXFileReference; explicitFileType = wrapper.framework; includeInIndex = 0; path = Pods_CocoaPods.framework; sourceTree = BUILT_PRODUCTS_DIR; };
		FA16FAD11C144BF300DC3791 /* URLHandler.swift */ = {isa = PBXFileReference; fileEncoding = 4; lastKnownFileType = sourcecode.swift; path = URLHandler.swift; sourceTree = "<group>"; };
/* End PBXFileReference section */

/* Begin PBXFrameworksBuildPhase section */
		510254201C0A60670045FCD8 /* Frameworks */ = {
			isa = PBXFrameworksBuildPhase;
			buildActionMask = 2147483647;
			files = (
				514280CA1C36C1BD00DCE23D /* libffi.tbd in Frameworks */,
				510254331C0A68040045FCD8 /* libruby+exts.a in Frameworks */,
				510254341C0A68100045FCD8 /* RubyCocoa.framework in Frameworks */,
			);
			runOnlyForDeploymentPostprocessing = 0;
		};
		51165E1C1A17AFF500DCFC94 /* Frameworks */ = {
			isa = PBXFrameworksBuildPhase;
			buildActionMask = 2147483647;
			files = (
				C90778391CE68CB400A7E235 /* WebKit.framework in Frameworks */,
				51CFC7861A2DF8E000F9ABCB /* Cocoa.framework in Frameworks */,
				51CFC7841A2DF88700F9ABCB /* Security.framework in Frameworks */,
				51165E531A1973CC00DCFC94 /* SecurityFoundation.framework in Frameworks */,
				1B70103EB868FD6CA08CF2A6 /* Pods_CocoaPods.framework in Frameworks */,
			);
			runOnlyForDeploymentPostprocessing = 0;
		};
		51165E451A17B2D200DCFC94 /* Frameworks */ = {
			isa = PBXFrameworksBuildPhase;
			buildActionMask = 2147483647;
			files = (
				5127C32B1A23E6DD0093143B /* CoreServices.framework in Frameworks */,
				5127C3291A23E6CA0093143B /* CoreFoundation.framework in Frameworks */,
			);
			runOnlyForDeploymentPostprocessing = 0;
		};
		60F02D161C0A2A6D003600FE /* Frameworks */ = {
			isa = PBXFrameworksBuildPhase;
			buildActionMask = 2147483647;
			files = (
				FCDCC48F0E8CE099C20D1DEB /* Pods_CocoaPodsTests.framework in Frameworks */,
			);
			runOnlyForDeploymentPostprocessing = 0;
		};
/* End PBXFrameworksBuildPhase section */

/* Begin PBXGroup section */
		331188541BEBCB0F00272793 /* CLI Integrations */ = {
			isa = PBXGroup;
			children = (
				331188581BEBCB4200272793 /* CPCLITask.h */,
				331188591BEBCB4200272793 /* CPCLITask.m */,
			);
			path = "CLI Integrations";
			sourceTree = "<group>";
		};
		46126B404240E403B2193EE7 /* Frameworks */ = {
			isa = PBXGroup;
			children = (
				C90778381CE68CB400A7E235 /* WebKit.framework */,
				514280C91C36C1BD00DCE23D /* libffi.tbd */,
				51EA178F1C0155E9000DC69A /* RubyCocoa.framework */,
				51CFC7851A2DF8E000F9ABCB /* Cocoa.framework */,
				51CFC7831A2DF88700F9ABCB /* Security.framework */,
				5127C32A1A23E6DD0093143B /* CoreServices.framework */,
				5127C3281A23E6CA0093143B /* CoreFoundation.framework */,
				51165E521A1973CC00DCFC94 /* SecurityFoundation.framework */,
				48BFECFC4C849B1ABEB40B43 /* Pods.framework */,
				EEB7DFACCFDF9B3B443AF311 /* Pods_CocoaPods.framework */,
				62FB6E124C8280A7EBFD41C6 /* Pods_CocoaPodsTests.framework */,
			);
			name = Frameworks;
			sourceTree = "<group>";
		};
		510254241C0A60670045FCD8 /* CPReflectionService */ = {
			isa = PBXGroup;
			children = (
				519C328E1C029E3C003BDC49 /* libruby+exts.a */,
				510254251C0A60680045FCD8 /* CPReflectionServiceProtocol.h */,
				510254261C0A60680045FCD8 /* CPReflectionService.h */,
				510254271C0A60680045FCD8 /* CPReflectionService.m */,
				510F09741C0A736300F40F2B /* CPRubyErrors.h */,
				510F09721C0A734800F40F2B /* CPRubyErrors.m */,
				51EA178A1C00D279000DC69A /* RBObject+CocoaPods.h */,
				51EA178B1C00D279000DC69A /* RBObject+CocoaPods.m */,
				51EA178D1C0147BD000DC69A /* RBObject+CocoaPods.rb */,
				510254291C0A60680045FCD8 /* main.m */,
				5102542B1C0A60680045FCD8 /* Info.plist */,
			);
			path = CPReflectionService;
			sourceTree = "<group>";
		};
		51165E161A17AFF500DCFC94 = {
			isa = PBXGroup;
			children = (
				51165E421A17B20700DCFC94 /* bundle */,
				51165E211A17AFF500DCFC94 /* CocoaPods */,
				51165E491A17B2D200DCFC94 /* pod */,
				60F02D1A1C0A2A6D003600FE /* CocoaPodsTests */,
				510254241C0A60670045FCD8 /* CPReflectionService */,
				51165E201A17AFF500DCFC94 /* Products */,
				46126B404240E403B2193EE7 /* Frameworks */,
				A3102078FAC7B7BFAC91C732 /* Pods */,
			);
			indentWidth = 2;
			sourceTree = "<group>";
			tabWidth = 2;
		};
		51165E201A17AFF500DCFC94 /* Products */ = {
			isa = PBXGroup;
			children = (
				51165E1F1A17AFF500DCFC94 /* CocoaPods.app */,
				51165E481A17B2D200DCFC94 /* pod */,
				60F02D191C0A2A6D003600FE /* CocoaPodsTests.xctest */,
				510254231C0A60670045FCD8 /* ReflectionService.xpc */,
			);
			name = Products;
			sourceTree = "<group>";
		};
		51165E211A17AFF500DCFC94 /* CocoaPods */ = {
			isa = PBXGroup;
			children = (
				D6B4AFB91CED11A30056F22B /* Utilities */,
				6061C54F1CCBA9000063C44A /* CHANGELOG.md */,
				60E693B11C4A52AF0058DF5F /* App */,
				331188541BEBCB0F00272793 /* CLI Integrations */,
				60FE01641B9B76520027EEE3 /* Project */,
				60FE01631B9B76470027EEE3 /* Podfile Window */,
				60FE01621B9B76400027EEE3 /* Home Window */,
				FA16FACB1C14475200DC3791 /* URL Handling */,
				60FE016D1B9B7F000027EEE3 /* Categories */,
				C907783A1CE68CBD00A7E235 /* Extensions */,
				51165E221A17AFF500DCFC94 /* Supporting Files */,
			);
			path = CocoaPods;
			sourceTree = "<group>";
		};
		51165E221A17AFF500DCFC94 /* Supporting Files */ = {
			isa = PBXGroup;
			children = (
				C907783F1CE68CD900A7E235 /* CocoaPods.css */,
				5180FE931AD2A51300314D61 /* LICENSE */,
				E70998461C49AB5B00229507 /* Podfile.plist */,
				77356D741A2253F1002822CF /* Media.xcassets */,
				51D2E5AF1A212A0800C0B153 /* Syntax Definitions */,
				51D2E5B01A212A0800C0B153 /* SyntaxDefinitions.plist */,
				770382F31A2035B400435285 /* Localizable.strings */,
				51165E231A17AFF500DCFC94 /* Info.plist */,
				51165E271A17AFF500DCFC94 /* main.m */,
			);
			path = "Supporting Files";
			sourceTree = "<group>";
		};
		51165E491A17B2D200DCFC94 /* pod */ = {
			isa = PBXGroup;
			children = (
				51165E4A1A17B2D200DCFC94 /* main.c */,
			);
			path = pod;
			sourceTree = "<group>";
		};
		601ACA9C1C37F33F0058FA86 /* Podfile Metadata */ = {
			isa = PBXGroup;
			children = (
				6038B78B1C28B57600359F3B /* CPMetadataTableViewDataSource.swift */,
				606C84711C14C4CA00C6D15F /* CPPodfileMetadataViewController.swift */,
				5BD58BBC1C6D2A7C003787F5 /* CPXcodeProjectCell.swift */,
				601ACAA11C389E9B0058FA86 /* CPXcodeInformationGenerator.h */,
				601ACAA21C389E9B0058FA86 /* CPXcodeInformationGenerator.m */,
			);
			name = "Podfile Metadata";
			sourceTree = "<group>";
		};
		60227EC01C351A5600A29515 /* Plugin Installation */ = {
			isa = PBXGroup;
			children = (
				60227EC31C351A7700A29515 /* CPInstallPluginsViewController.swift */,
				60227EC11C351A6300A29515 /* CPPodfilePluginCoordinator.swift */,
			);
			name = "Plugin Installation";
			sourceTree = "<group>";
		};
		602D84531CC58B2C00EE3076 /* Source Repos */ = {
			isa = PBXGroup;
			children = (
				602D84541CC58B5100EE3076 /* CPSourceRepoCoordinator.swift */,
				60107F171CC8CB1B002F772E /* CPSourceReposViewController.swift */,
			);
			name = "Source Repos";
			sourceTree = "<group>";
		};
		6033ECB01C1E588300C2EDAD /* Command Line Tools */ = {
			isa = PBXGroup;
			children = (
				331188551BEBCB0F00272793 /* CPCLIToolInstallationController.h */,
				331188561BEBCB0F00272793 /* CPCLIToolInstallationController.m */,
			);
			name = "Command Line Tools";
			sourceTree = "<group>";
		};
		603F7F1F1C1E1F64006C2571 /* Utilities */ = {
			isa = PBXGroup;
			children = (
				6075BA661C06963700A5C491 /* CPInstallAction.swift */,
				605119261C0909420037B95E /* CPPodfileReflection.h */,
				605119271C0909420037B95E /* CPPodfileReflection.m */,
				600CACE71C4669030048F2F3 /* CPStringArrayToSentenceValueTransformer.h */,
				600CACE81C4669030048F2F3 /* CPStringArrayToSentenceValueTransformer.m */,
			);
			name = Utilities;
			sourceTree = "<group>";
		};
		6051191E1C08C4AC0037B95E /* Custom Subviews */ = {
			isa = PBXGroup;
			children = (
				6051191F1C08C4C00037B95E /* CPReturnTriggeringTableView.swift */,
				60814A831C2B100F00D6663E /* CPBorderedButton.h */,
				60814A841C2B100F00D6663E /* CPBorderedButton.m */,
				60814A861C2BCFEA00D6663E /* CPWhiteCheckedButton.h */,
				60814A871C2BCFEA00D6663E /* CPWhiteCheckedButton.m */,
				60E693B21C4A561E0058DF5F /* CPThickDecorationsWindow.swift */,
				60E693BC1C4AC6390058DF5F /* CPHomeSidebarButton.swift */,
				60C2CBF01CC238CF009B30CA /* CPHomeMenuTableCellView.h */,
				60C2CBF11CC238CF009B30CA /* CPHomeMenuTableCellView.m */,
			);
			name = "Custom Subviews";
			sourceTree = "<group>";
		};
		605119211C08D7CD0037B95E /* Custom Views */ = {
			isa = PBXGroup;
			children = (
				605119221C08F02D0037B95E /* CPBrownVisualEffectsView.swift */,
				5E946F3E1C1621F000EFEA7B /* CPTabViewDelegate.swift */,
				5EF5B7861C17990400F8C39E /* CPSideButton.swift */,
				60814A891C2C420600D6663E /* CPInterfaceBuilderOnlyLabels.swift */,
				6051191C1C08A1EA0037B95E /* CPModifiedDecorationsWindow.swift */,
			);
			name = "Custom Views";
			sourceTree = "<group>";
		};
		606D1ED61BF91062000B7148 /* View Controllers */ = {
			isa = PBXGroup;
			children = (
				606D1ED41BF91040000B7148 /* CPPodfileEditorViewController.swift */,
				606D1ED91BF911EF000B7148 /* CPPodfileViewController.swift */,
				6035BFEF1C07C916003250A8 /* CPHiddenTabViewController.swift */,
				D69F9D721CE679CF00ACB1BF /* CPPodFileWindowViewController.swift */,
			);
			name = "View Controllers";
			sourceTree = "<group>";
		};
		606D1ED71BF91076000B7148 /* NSDocument Details */ = {
			isa = PBXGroup;
			children = (
				51165E541A1B925200DCFC94 /* CPUserProject.h */,
				51165E551A1B925300DCFC94 /* CPUserProject.m */,
				5BEC5ABC1C4D97C90045F362 /* CPPodfileErrorState.swift */,
				60017B5C1C47B6220037658A /* CPMiniPromise.h */,
				60017B5D1C47B6220037658A /* CPMiniPromise.m */,
			);
			name = "NSDocument Details";
			sourceTree = "<group>";
		};
		606D1ED81BF9108B000B7148 /* Podfile Logging */ = {
			isa = PBXGroup;
			children = (
				604C26CC1C07843C00E16D84 /* CPPodfileConsoleViewController.swift */,
				7C4B007B1B9B441800B6C782 /* CPANSIEscapeHelper.h */,
				7C4B007C1B9B441800B6C782 /* CPANSIEscapeHelper.m */,
				60FE01661B9B7AA70027EEE3 /* SMLTextView+CocoaPods.m */,
				605119241C08F5880037B95E /* CPFontAndColourGateKeeper.swift */,
				934FF1861C4CB4ED000B4302 /* CPPodfileConsoleTextView.swift */,
			);
			name = "Podfile Logging";
			sourceTree = "<group>";
		};
		60E693AD1C49C0670058DF5F /* Models */ = {
			isa = PBXGroup;
			children = (
				60E693AA1C49BFDF0058DF5F /* CPHomeWindowDocumentEntry.h */,
				60E693AB1C49BFDF0058DF5F /* CPHomeWindowDocumentEntry.m */,
			);
			name = Models;
			sourceTree = "<group>";
		};
		60E693B11C4A52AF0058DF5F /* App */ = {
			isa = PBXGroup;
			children = (
				606D1ED31BF91040000B7148 /* CocoaPods-Bridging-Header.h */,
				51165E241A17AFF500DCFC94 /* CPAppDelegate.h */,
				51165E251A17AFF500DCFC94 /* CPAppDelegate.m */,
				51165E2B1A17AFF500DCFC94 /* MainMenu.xib */,
				60E693BA1C4A8F1D0058DF5F /* ColouredViews.swift */,
				60890BB21CD0BD3D00810BFC /* CPLocalizedString.swift */,
			);
			name = App;
			sourceTree = "<group>";
		};
		60F02D1A1C0A2A6D003600FE /* CocoaPodsTests */ = {
			isa = PBXGroup;
			children = (
				60F02D1D1C0A2A6D003600FE /* Info.plist */,
				600DDCAE1C14C1850074C1E4 /* CPMiniSnaphots.swift */,
				E72E9FD91C6E328C00A8705B /* CPStringArrayToSentenceValueTransformerSpec.swift */,
				E72E9FDB1C6E379200A8705B /* CocoaPodsTests-Bridging-Header.h */,
				E72E9FDD1C6E459800A8705B /* CPTestHelper.swift */,
			);
			path = CocoaPodsTests;
			sourceTree = "<group>";
		};
		60FE01621B9B76400027EEE3 /* Home Window */ = {
			isa = PBXGroup;
			children = (
				60E693AD1C49C0670058DF5F /* Models */,
				6033ECB01C1E588300C2EDAD /* Command Line Tools */,
				6051191E1C08C4AC0037B95E /* Custom Subviews */,
				6033ECB11C1E6B4D00C2EDAD /* Home Screen.xcassets */,
				1F9177551BA27592006698C9 /* CPHomeWindowController.h */,
				1F9177561BA27592006698C9 /* CPHomeWindowController.m */,
				1F91775C1BA27598006698C9 /* CPHomeWindowController.xib */,
				60E693A81C49B5980058DF5F /* CPSpotlightDocumentSource.swift */,
				60E693B81C4A8DAD0058DF5F /* CPRecentDocumentSource.swift */,
				93FB07E01C503572007B2CDA /* CPDocumentSource.swift */,
				60E693B41C4A71E50058DF5F /* CPSidebarDocumentsController.swift */,
				934FF1881C4F1E2A000B4302 /* CPDocumentController.swift */,
				657841C81C6BE0EC00B6671E /* CPPodfileInitController.swift */,
				60C2CBF31CC25D5A009B30CA /* CPSparkleDelegate.swift */,
				E7ACFDBD1CCAA26C00475976 /* CPDeintegrateController.swift */,
			);
			name = "Home Window";
			sourceTree = "<group>";
		};
		60FE01631B9B76470027EEE3 /* Podfile Window */ = {
			isa = PBXGroup;
			children = (
				602D84531CC58B2C00EE3076 /* Source Repos */,
				60227EC01C351A5600A29515 /* Plugin Installation */,
				601ACA9C1C37F33F0058FA86 /* Podfile Metadata */,
				606D1ED11BF90705000B7148 /* Podfile.storyboard */,
				6075BA641C068B5F00A5C491 /* Podfile.xcassets */,
				606D1ED71BF91076000B7148 /* NSDocument Details */,
				606D1ED81BF9108B000B7148 /* Podfile Logging */,
				605119211C08D7CD0037B95E /* Custom Views */,
				606D1ED61BF91062000B7148 /* View Controllers */,
				603F7F1F1C1E1F64006C2571 /* Utilities */,
			);
			name = "Podfile Window";
			sourceTree = "<group>";
		};
		60FE01641B9B76520027EEE3 /* Project */ = {
			isa = PBXGroup;
			children = (
				603F7F1D1C1DE895006C2571 /* CPMenuVisiblityDirector.swift */,
				601F910B1BE63B8100AD22B1 /* CPExternalLinksHelper.h */,
				601F910C1BE63B8100AD22B1 /* CPExternalLinksHelper.m */,
				6061C54D1CCB5BF70063C44A /* CPMenuRepoUpdateDirector.swift */,
			);
			name = Project;
			sourceTree = "<group>";
		};
		60FE016D1B9B7F000027EEE3 /* Categories */ = {
			isa = PBXGroup;
			children = (
				60FE016F1B9B7F1E0027EEE3 /* SUUpdater+DebugMode.m */,
				601F91131BE6435E00AD22B1 /* NSURL+TersePaths.h */,
				601F91141BE6435E00AD22B1 /* NSURL+TersePaths.m */,
				66F2E29A1C492C5500A1AF1F /* NSColor+CPColors.h */,
				66F2E29B1C492C5500A1AF1F /* NSColor+CPColors.m */,
				601ACAA41C392BDD0058FA86 /* NSArray+Helpers.h */,
				601ACAA51C392BDD0058FA86 /* NSArray+Helpers.m */,
				60E693AE1C4A3AF80058DF5F /* NSAttributedString+Helpers.h */,
				60E693AF1C4A3AF80058DF5F /* NSAttributedString+Helpers.m */,
			);
			name = Categories;
			sourceTree = "<group>";
		};
		A3102078FAC7B7BFAC91C732 /* Pods */ = {
			isa = PBXGroup;
			children = (
				57995E0E6B8704BE797552B2 /* Pods-CocoaPods.debug.xcconfig */,
				EBD9373107B77CCDFCD43B67 /* Pods-CocoaPods.release.xcconfig */,
				750B3A66521735BD745849E5 /* Pods-CocoaPodsTests.debug.xcconfig */,
				5D0F8EC2FC9E25C9EF3CED3F /* Pods-CocoaPodsTests.release.xcconfig */,
			);
			name = Pods;
			sourceTree = "<group>";
		};
		C907783A1CE68CBD00A7E235 /* Extensions */ = {
			isa = PBXGroup;
			children = (
				C907783C1CE68CCE00A7E235 /* String+Extensions.swift */,
				C907783B1CE68CCE00A7E235 /* SMLTextView+OptionClickPopover.swift */,
			);
			name = Extensions;
			sourceTree = "<group>";
		};
		D6B4AFB91CED11A30056F22B /* Utilities */ = {
			isa = PBXGroup;
			children = (
				D6B4AFBA1CED11AF0056F22B /* CPDebuggerCheck.h */,
				D6B4AFBB1CED11AF0056F22B /* CPDebuggerCheck.m */,
			);
			name = Utilities;
			sourceTree = "<group>";
		};
		FA16FACB1C14475200DC3791 /* URL Handling */ = {
			isa = PBXGroup;
			children = (
				FA16FAD11C144BF300DC3791 /* URLHandler.swift */,
			);
			path = "URL Handling";
			sourceTree = "<group>";
		};
/* End PBXGroup section */

/* Begin PBXNativeTarget section */
		510254221C0A60670045FCD8 /* ReflectionService */ = {
			isa = PBXNativeTarget;
			buildConfigurationList = 510254321C0A60680045FCD8 /* Build configuration list for PBXNativeTarget "ReflectionService" */;
			buildPhases = (
				60E693A61C495D3E0058DF5F /* Ensure bundle version */,
				5102541F1C0A60670045FCD8 /* Sources */,
				510254201C0A60670045FCD8 /* Frameworks */,
				510254211C0A60670045FCD8 /* Resources */,
				510F096F1C0A70DD00F40F2B /* Copy RubyCocoa.framework */,
			);
			buildRules = (
			);
			dependencies = (
			);
			name = ReflectionService;
			productName = ReflectionService;
			productReference = 510254231C0A60670045FCD8 /* ReflectionService.xpc */;
			productType = "com.apple.product-type.xpc-service";
		};
		51165E1E1A17AFF500DCFC94 /* CocoaPods */ = {
			isa = PBXNativeTarget;
			buildConfigurationList = 51165E3C1A17AFF500DCFC94 /* Build configuration list for PBXNativeTarget "CocoaPods" */;
			buildPhases = (
				C9B3A9B452C836DC0E134F4F /* 📦 Check Pods Manifest.lock */,
				60FA32A31C4846D300AF5263 /* Validate App Bundle  */,
				51165E1B1A17AFF500DCFC94 /* Sources */,
				51165E1C1A17AFF500DCFC94 /* Frameworks */,
				51165E1D1A17AFF500DCFC94 /* Resources */,
				1FFFBB091BA25469004A8D1E /* Copy Helper Executables */,
				5102542E1C0A60680045FCD8 /* Embed XPC Services */,
				B553C8F443325D68D3F0ECBC /* 📦 Embed Pods Frameworks */,
				DDCA8595EBBF1866824DF78F /* 📦 Copy Pods Resources */,
			);
			buildRules = (
			);
			dependencies = (
				51165E501A190F8D00DCFC94 /* PBXTargetDependency */,
				5102542D1C0A60680045FCD8 /* PBXTargetDependency */,
			);
			name = CocoaPods;
			productName = CocoaPods;
			productReference = 51165E1F1A17AFF500DCFC94 /* CocoaPods.app */;
			productType = "com.apple.product-type.application";
		};
		51165E471A17B2D200DCFC94 /* pod */ = {
			isa = PBXNativeTarget;
			buildConfigurationList = 51165E4C1A17B2D200DCFC94 /* Build configuration list for PBXNativeTarget "pod" */;
			buildPhases = (
				51165E441A17B2D200DCFC94 /* Sources */,
				51165E451A17B2D200DCFC94 /* Frameworks */,
				51165E461A17B2D200DCFC94 /* CopyFiles */,
			);
			buildRules = (
			);
			dependencies = (
			);
			name = pod;
			productName = pod;
			productReference = 51165E481A17B2D200DCFC94 /* pod */;
			productType = "com.apple.product-type.tool";
		};
		60F02D181C0A2A6D003600FE /* CocoaPodsTests */ = {
			isa = PBXNativeTarget;
			buildConfigurationList = 60F02D221C0A2A6D003600FE /* Build configuration list for PBXNativeTarget "CocoaPodsTests" */;
			buildPhases = (
				458C0027E9270EE32B8CCE59 /* 📦 Check Pods Manifest.lock */,
				60F02D151C0A2A6D003600FE /* Sources */,
				60F02D161C0A2A6D003600FE /* Frameworks */,
				60F02D171C0A2A6D003600FE /* Resources */,
				A58128BAFFF8FDE9690DE404 /* 📦 Embed Pods Frameworks */,
				18FEAF85B2D56C31CD708BE1 /* 📦 Copy Pods Resources */,
			);
			buildRules = (
			);
			dependencies = (
				60F02D1F1C0A2A6D003600FE /* PBXTargetDependency */,
			);
			name = CocoaPodsTests;
			productName = CocoaPodsTests;
			productReference = 60F02D191C0A2A6D003600FE /* CocoaPodsTests.xctest */;
			productType = "com.apple.product-type.bundle.unit-test";
		};
/* End PBXNativeTarget section */

/* Begin PBXProject section */
		51165E171A17AFF500DCFC94 /* Project object */ = {
			isa = PBXProject;
			attributes = {
				CLASSPREFIX = CP;
				LastSwiftMigration = 0730;
				LastSwiftUpdateCheck = 0710;
				LastUpgradeCheck = 0700;
				ORGANIZATIONNAME = CocoaPods;
				TargetAttributes = {
					510254221C0A60670045FCD8 = {
						CreatedOnToolsVersion = 7.1;
						DevelopmentTeam = AX2Q2BH2XR;
					};
					51165E1E1A17AFF500DCFC94 = {
						CreatedOnToolsVersion = 6.1;
						DevelopmentTeam = AX2Q2BH2XR;
					};
					51165E471A17B2D200DCFC94 = {
						CreatedOnToolsVersion = 6.1;
					};
					60F02D181C0A2A6D003600FE = {
						CreatedOnToolsVersion = 7.1.1;
						TestTargetID = 51165E1E1A17AFF500DCFC94;
					};
				};
			};
			buildConfigurationList = 51165E1A1A17AFF500DCFC94 /* Build configuration list for PBXProject "CocoaPods" */;
			compatibilityVersion = "Xcode 3.2";
			developmentRegion = English;
			hasScannedForEncodings = 0;
			knownRegions = (
				en,
				Base,
			);
			mainGroup = 51165E161A17AFF500DCFC94;
			productRefGroup = 51165E201A17AFF500DCFC94 /* Products */;
			projectDirPath = "";
			projectRoot = "";
			targets = (
				51165E1E1A17AFF500DCFC94 /* CocoaPods */,
				51165E471A17B2D200DCFC94 /* pod */,
				60F02D181C0A2A6D003600FE /* CocoaPodsTests */,
				510254221C0A60670045FCD8 /* ReflectionService */,
			);
		};
/* End PBXProject section */

/* Begin PBXResourcesBuildPhase section */
		510254211C0A60670045FCD8 /* Resources */ = {
			isa = PBXResourcesBuildPhase;
			buildActionMask = 2147483647;
			files = (
				510F09711C0A711700F40F2B /* RBObject+CocoaPods.rb in Resources */,
			);
			runOnlyForDeploymentPostprocessing = 0;
		};
		51165E1D1A17AFF500DCFC94 /* Resources */ = {
			isa = PBXResourcesBuildPhase;
			buildActionMask = 2147483647;
			files = (
				770382F41A2035B400435285 /* Localizable.strings in Resources */,
				51165E431A17B20700DCFC94 /* bundle in Resources */,
				51D2E5B21A212A0800C0B153 /* SyntaxDefinitions.plist in Resources */,
				51165E2D1A17AFF500DCFC94 /* MainMenu.xib in Resources */,
				51D2E5B11A212A0800C0B153 /* Syntax Definitions in Resources */,
				C90778401CE68CD900A7E235 /* CocoaPods.css in Resources */,
				606D1ED21BF90705000B7148 /* Podfile.storyboard in Resources */,
				E70998471C49AB5B00229507 /* Podfile.plist in Resources */,
				6075BA651C068B5F00A5C491 /* Podfile.xcassets in Resources */,
				6033ECB21C1E6B4D00C2EDAD /* Home Screen.xcassets in Resources */,
				5180FE941AD2A51300314D61 /* LICENSE in Resources */,
				1F91775A1BA27598006698C9 /* CPHomeWindowController.xib in Resources */,
				77356D751A2253F1002822CF /* Media.xcassets in Resources */,
			);
			runOnlyForDeploymentPostprocessing = 0;
		};
		60F02D171C0A2A6D003600FE /* Resources */ = {
			isa = PBXResourcesBuildPhase;
			buildActionMask = 2147483647;
			files = (
				600DDCAC1C14B98D0074C1E4 /* Podfile.storyboard in Resources */,
				600DDCAD1C14B9910074C1E4 /* Podfile.xcassets in Resources */,
			);
			runOnlyForDeploymentPostprocessing = 0;
		};
/* End PBXResourcesBuildPhase section */

/* Begin PBXShellScriptBuildPhase section */
		18FEAF85B2D56C31CD708BE1 /* 📦 Copy Pods Resources */ = {
			isa = PBXShellScriptBuildPhase;
			buildActionMask = 2147483647;
			files = (
			);
			inputPaths = (
			);
			name = "📦 Copy Pods Resources";
			outputPaths = (
			);
			runOnlyForDeploymentPostprocessing = 0;
			shellPath = /bin/sh;
			shellScript = "\"${SRCROOT}/Pods/Target Support Files/Pods-CocoaPodsTests/Pods-CocoaPodsTests-resources.sh\"\n";
			showEnvVarsInLog = 0;
		};
		458C0027E9270EE32B8CCE59 /* 📦 Check Pods Manifest.lock */ = {
			isa = PBXShellScriptBuildPhase;
			buildActionMask = 2147483647;
			files = (
			);
			inputPaths = (
			);
			name = "📦 Check Pods Manifest.lock";
			outputPaths = (
			);
			runOnlyForDeploymentPostprocessing = 0;
			shellPath = /bin/sh;
			shellScript = "diff \"${PODS_ROOT}/../Podfile.lock\" \"${PODS_ROOT}/Manifest.lock\" > /dev/null\nif [[ $? != 0 ]] ; then\n    cat << EOM\nerror: The sandbox is not in sync with the Podfile.lock. Run 'pod install' or update your CocoaPods installation.\nEOM\n    exit 1\nfi\n";
			showEnvVarsInLog = 0;
		};
		60E693A61C495D3E0058DF5F /* Ensure bundle version */ = {
			isa = PBXShellScriptBuildPhase;
			buildActionMask = 2147483647;
			files = (
			);
			inputPaths = (
			);
			name = "Ensure bundle version";
			outputPaths = (
			);
			runOnlyForDeploymentPostprocessing = 0;
			shellPath = /bin/sh;
			shellScript = "VERSION_ID=`head -1 \"${SOURCE_ROOT}\"/../Rakefile`\nVERSION=`echo \"${VERSION_ID}\" | sed -e 's|BUNDLED_ENV_VERSION = ||'`\nLOCAL_VERSION=`head -1 \"${SOURCE_ROOT}/../destroot/bundle/VERSION\"`\n\nif [ \"$VERSION\" != \"$LOCAL_VERSION\" ]; then\ncat << EOM\nerror: The CP environment destroot is not in sync with generated environment from the Rakefile. Please run 'git submodule update; rake bundle:clean:artefacts; rake app:prerequisites' which should bring you back up to speed.\nEOM\nexit 1\nfi\n";
		};
		60FA32A31C4846D300AF5263 /* Validate App Bundle  */ = {
			isa = PBXShellScriptBuildPhase;
			buildActionMask = 2147483647;
			files = (
			);
			inputPaths = (
			);
			name = "Validate App Bundle ";
			outputPaths = (
			);
			runOnlyForDeploymentPostprocessing = 0;
			shellPath = /bin/sh;
			shellScript = "VERSION_ID=`head -1 \"${SOURCE_ROOT}\"/../Rakefile`\nVERSION=`echo \"${VERSION_ID}\" | sed -e 's|BUNDLED_ENV_VERSION = ||'`\nLOCAL_VERSION=`head -1 \"${SOURCE_ROOT}/../destroot/bundle/VERSION\"`\n\nif [ \"$VERSION\" != \"$LOCAL_VERSION\" ]; then\ncat << EOM\nerror: The CP environment destroot is not in sync with generated environment from the Rakefile. Please run 'git submodule update; rake bundle:clean:artefacts; rake app:prerequisites' which should bring you back up to speed.\nEOM\nexit 1\nfi\n";
		};
		A58128BAFFF8FDE9690DE404 /* 📦 Embed Pods Frameworks */ = {
			isa = PBXShellScriptBuildPhase;
			buildActionMask = 2147483647;
			files = (
			);
			inputPaths = (
			);
			name = "📦 Embed Pods Frameworks";
			outputPaths = (
			);
			runOnlyForDeploymentPostprocessing = 0;
			shellPath = /bin/sh;
			shellScript = "\"${SRCROOT}/Pods/Target Support Files/Pods-CocoaPodsTests/Pods-CocoaPodsTests-frameworks.sh\"\n";
			showEnvVarsInLog = 0;
		};
		B553C8F443325D68D3F0ECBC /* 📦 Embed Pods Frameworks */ = {
			isa = PBXShellScriptBuildPhase;
			buildActionMask = 2147483647;
			files = (
			);
			inputPaths = (
			);
			name = "📦 Embed Pods Frameworks";
			outputPaths = (
			);
			runOnlyForDeploymentPostprocessing = 0;
			shellPath = /bin/sh;
			shellScript = "\"${SRCROOT}/Pods/Target Support Files/Pods-CocoaPods/Pods-CocoaPods-frameworks.sh\"\n";
			showEnvVarsInLog = 0;
		};
		C9B3A9B452C836DC0E134F4F /* 📦 Check Pods Manifest.lock */ = {
			isa = PBXShellScriptBuildPhase;
			buildActionMask = 2147483647;
			files = (
			);
			inputPaths = (
			);
			name = "📦 Check Pods Manifest.lock";
			outputPaths = (
			);
			runOnlyForDeploymentPostprocessing = 0;
			shellPath = /bin/sh;
			shellScript = "diff \"${PODS_ROOT}/../Podfile.lock\" \"${PODS_ROOT}/Manifest.lock\" > /dev/null\nif [[ $? != 0 ]] ; then\n    cat << EOM\nerror: The sandbox is not in sync with the Podfile.lock. Run 'pod install' or update your CocoaPods installation.\nEOM\n    exit 1\nfi\n";
			showEnvVarsInLog = 0;
		};
		DDCA8595EBBF1866824DF78F /* 📦 Copy Pods Resources */ = {
			isa = PBXShellScriptBuildPhase;
			buildActionMask = 2147483647;
			files = (
			);
			inputPaths = (
			);
			name = "📦 Copy Pods Resources";
			outputPaths = (
			);
			runOnlyForDeploymentPostprocessing = 0;
			shellPath = /bin/sh;
			shellScript = "\"${SRCROOT}/Pods/Target Support Files/Pods-CocoaPods/Pods-CocoaPods-resources.sh\"\n";
			showEnvVarsInLog = 0;
		};
/* End PBXShellScriptBuildPhase section */

/* Begin PBXSourcesBuildPhase section */
		5102541F1C0A60670045FCD8 /* Sources */ = {
			isa = PBXSourcesBuildPhase;
			buildActionMask = 2147483647;
			files = (
				510F096E1C0A702200F40F2B /* RBObject+CocoaPods.m in Sources */,
				5102542A1C0A60680045FCD8 /* main.m in Sources */,
				60E693A71C49B0870058DF5F /* NSArray+Helpers.m in Sources */,
				510254281C0A60680045FCD8 /* CPReflectionService.m in Sources */,
				510F09731C0A734800F40F2B /* CPRubyErrors.m in Sources */,
			);
			runOnlyForDeploymentPostprocessing = 0;
		};
		51165E1B1A17AFF500DCFC94 /* Sources */ = {
			isa = PBXSourcesBuildPhase;
			buildActionMask = 2147483647;
			files = (
				6038B78C1C28B57600359F3B /* CPMetadataTableViewDataSource.swift in Sources */,
				600CACE91C4669030048F2F3 /* CPStringArrayToSentenceValueTransformer.m in Sources */,
				D6B4AFBC1CED11AF0056F22B /* CPDebuggerCheck.m in Sources */,
				E72E9FDF1C6E4DC900A8705B /* CPTestHelper.swift in Sources */,
				510F09751C0A73B800F40F2B /* CPRubyErrors.m in Sources */,
				603F7F1E1C1DE895006C2571 /* CPMenuVisiblityDirector.swift in Sources */,
				7C4B007D1B9B441800B6C782 /* CPANSIEscapeHelper.m in Sources */,
				60814A851C2B100F00D6663E /* CPBorderedButton.m in Sources */,
				5E946F3F1C1621F000EFEA7B /* CPTabViewDelegate.swift in Sources */,
				605119281C0909420037B95E /* CPPodfileReflection.m in Sources */,
				60227EC21C351A6300A29515 /* CPPodfilePluginCoordinator.swift in Sources */,
				602D84551CC58B5100EE3076 /* CPSourceRepoCoordinator.swift in Sources */,
				601ACAA61C392BDD0058FA86 /* NSArray+Helpers.m in Sources */,
				E7ACFDBE1CCAA26C00475976 /* CPDeintegrateController.swift in Sources */,
				60E693B01C4A3AF80058DF5F /* NSAttributedString+Helpers.m in Sources */,
				6035BFF01C07C916003250A8 /* CPHiddenTabViewController.swift in Sources */,
				60227EC41C351A7700A29515 /* CPInstallPluginsViewController.swift in Sources */,
				606D1EDA1BF911EF000B7148 /* CPPodfileViewController.swift in Sources */,
				605119201C08C4C00037B95E /* CPReturnTriggeringTableView.swift in Sources */,
				605119251C08F5880037B95E /* CPFontAndColourGateKeeper.swift in Sources */,
				60017B5E1C47B6220037658A /* CPMiniPromise.m in Sources */,
				51165E281A17AFF500DCFC94 /* main.m in Sources */,
				601ACAA31C389E9B0058FA86 /* CPXcodeInformationGenerator.m in Sources */,
				5EF5B7871C17990400F8C39E /* CPSideButton.swift in Sources */,
				C907783D1CE68CCE00A7E235 /* SMLTextView+OptionClickPopover.swift in Sources */,
				93FB07E11C503572007B2CDA /* CPDocumentSource.swift in Sources */,
				1F9177581BA27592006698C9 /* CPHomeWindowController.m in Sources */,
				60E693A91C49B5980058DF5F /* CPSpotlightDocumentSource.swift in Sources */,
				934FF1871C4CB4ED000B4302 /* CPPodfileConsoleTextView.swift in Sources */,
				C907783E1CE68CCE00A7E235 /* String+Extensions.swift in Sources */,
				6075BA671C06963700A5C491 /* CPInstallAction.swift in Sources */,
				60E693B91C4A8DAD0058DF5F /* CPRecentDocumentSource.swift in Sources */,
				3311885A1BEBCB4200272793 /* CPCLITask.m in Sources */,
				604C26CE1C07843C00E16D84 /* CPPodfileConsoleViewController.swift in Sources */,
				60814A8A1C2C420600D6663E /* CPInterfaceBuilderOnlyLabels.swift in Sources */,
				601F91151BE6435E00AD22B1 /* NSURL+TersePaths.m in Sources */,
				60107F181CC8CB1B002F772E /* CPSourceReposViewController.swift in Sources */,
				66F2E29C1C492C5500A1AF1F /* NSColor+CPColors.m in Sources */,
				934FF1891C4F1E2A000B4302 /* CPDocumentController.swift in Sources */,
				60E693B31C4A561E0058DF5F /* CPThickDecorationsWindow.swift in Sources */,
				60E693BD1C4AC6390058DF5F /* CPHomeSidebarButton.swift in Sources */,
				605119231C08F02D0037B95E /* CPBrownVisualEffectsView.swift in Sources */,
				60FE01701B9B7F1E0027EEE3 /* SUUpdater+DebugMode.m in Sources */,
				60E693BB1C4A8F1D0058DF5F /* ColouredViews.swift in Sources */,
				60C2CBF41CC25D5A009B30CA /* CPSparkleDelegate.swift in Sources */,
				60814A881C2BCFEA00D6663E /* CPWhiteCheckedButton.m in Sources */,
				331188571BEBCB0F00272793 /* CPCLIToolInstallationController.m in Sources */,
				60E693B51C4A71E50058DF5F /* CPSidebarDocumentsController.swift in Sources */,
				657841C91C6BE0EC00B6671E /* CPPodfileInitController.swift in Sources */,
				5BD58BBD1C6D2A7C003787F5 /* CPXcodeProjectCell.swift in Sources */,
				606C84721C14C4CA00C6D15F /* CPPodfileMetadataViewController.swift in Sources */,
				60C2CBF21CC238CF009B30CA /* CPHomeMenuTableCellView.m in Sources */,
				6061C54E1CCB5BF70063C44A /* CPMenuRepoUpdateDirector.swift in Sources */,
				60E693AC1C49BFDF0058DF5F /* CPHomeWindowDocumentEntry.m in Sources */,
				FA16FAD21C144BF300DC3791 /* URLHandler.swift in Sources */,
				51165E261A17AFF500DCFC94 /* CPAppDelegate.m in Sources */,
				6051191D1C08A1EA0037B95E /* CPModifiedDecorationsWindow.swift in Sources */,
				5BEC5ABD1C4D97C90045F362 /* CPPodfileErrorState.swift in Sources */,
				606D1ED51BF91040000B7148 /* CPPodfileEditorViewController.swift in Sources */,
				D69F9D731CE679CF00ACB1BF /* CPPodFileWindowViewController.swift in Sources */,
				51165E571A1B925300DCFC94 /* CPUserProject.m in Sources */,
				60890BB31CD0BD3D00810BFC /* CPLocalizedString.swift in Sources */,
				60FE01671B9B7AA70027EEE3 /* SMLTextView+CocoaPods.m in Sources */,
				601F910D1BE63B8100AD22B1 /* CPExternalLinksHelper.m in Sources */,
			);
			runOnlyForDeploymentPostprocessing = 0;
		};
		51165E441A17B2D200DCFC94 /* Sources */ = {
			isa = PBXSourcesBuildPhase;
			buildActionMask = 2147483647;
			files = (
				51165E4B1A17B2D200DCFC94 /* main.c in Sources */,
			);
			runOnlyForDeploymentPostprocessing = 0;
		};
		60F02D151C0A2A6D003600FE /* Sources */ = {
			isa = PBXSourcesBuildPhase;
			buildActionMask = 2147483647;
			files = (
				E72E9FDE1C6E459800A8705B /* CPTestHelper.swift in Sources */,
				E72E9FDC1C6E38B400A8705B /* CocoaPodsTests-Bridging-Header.h in Sources */,
				E72E9FDA1C6E328C00A8705B /* CPStringArrayToSentenceValueTransformerSpec.swift in Sources */,
				600DDCAF1C14C1850074C1E4 /* CPMiniSnaphots.swift in Sources */,
			);
			runOnlyForDeploymentPostprocessing = 0;
		};
/* End PBXSourcesBuildPhase section */

/* Begin PBXTargetDependency section */
		5102542D1C0A60680045FCD8 /* PBXTargetDependency */ = {
			isa = PBXTargetDependency;
			target = 510254221C0A60670045FCD8 /* ReflectionService */;
			targetProxy = 5102542C1C0A60680045FCD8 /* PBXContainerItemProxy */;
		};
		51165E501A190F8D00DCFC94 /* PBXTargetDependency */ = {
			isa = PBXTargetDependency;
			target = 51165E471A17B2D200DCFC94 /* pod */;
			targetProxy = 51165E4F1A190F8D00DCFC94 /* PBXContainerItemProxy */;
		};
		60F02D1F1C0A2A6D003600FE /* PBXTargetDependency */ = {
			isa = PBXTargetDependency;
			target = 51165E1E1A17AFF500DCFC94 /* CocoaPods */;
			targetProxy = 60F02D1E1C0A2A6D003600FE /* PBXContainerItemProxy */;
		};
/* End PBXTargetDependency section */

/* Begin PBXVariantGroup section */
		1F91775C1BA27598006698C9 /* CPHomeWindowController.xib */ = {
			isa = PBXVariantGroup;
			children = (
				1F91775B1BA27598006698C9 /* Base */,
			);
			name = CPHomeWindowController.xib;
			sourceTree = "<group>";
		};
		51165E2B1A17AFF500DCFC94 /* MainMenu.xib */ = {
			isa = PBXVariantGroup;
			children = (
				51165E2C1A17AFF500DCFC94 /* Base */,
			);
			name = MainMenu.xib;
			path = .;
			sourceTree = "<group>";
		};
/* End PBXVariantGroup section */

/* Begin XCBuildConfiguration section */
		510254301C0A60680045FCD8 /* Debug */ = {
			isa = XCBuildConfiguration;
			buildSettings = {
				CODE_SIGN_IDENTITY = "Developer ID Application";
				COMBINE_HIDPI_IMAGES = YES;
				DEBUG_INFORMATION_FORMAT = dwarf;
				FRAMEWORK_SEARCH_PATHS = (
					"$(inherited)",
					"$(PROJECT_DIR)/RubyCocoa/framework/build/Default",
				);
				GCC_NO_COMMON_BLOCKS = YES;
				HEADER_SEARCH_PATHS = (
					"$(inherited)",
					"$(SRCROOT)/../destroot/bundle/include/ruby-2.2.0",
					"$(SRCROOT)/../destroot/bundle/include/ruby-2.2.0/x86_64-darwin15",
				);
				INFOPLIST_FILE = CPReflectionService/Info.plist;
				LIBRARY_SEARCH_PATHS = (
					"$(inherited)",
					"$(PROJECT_DIR)/CPReflectionService",
				);
				MACOSX_DEPLOYMENT_TARGET = 10.10;
				PRODUCT_BUNDLE_IDENTIFIER = org.cocoapods.ReflectionService;
				PRODUCT_NAME = "$(TARGET_NAME)";
				SDKROOT = macosx;
				SKIP_INSTALL = YES;
			};
			name = Debug;
		};
		510254311C0A60680045FCD8 /* Release */ = {
			isa = XCBuildConfiguration;
			buildSettings = {
				CODE_SIGN_IDENTITY = "Developer ID Application";
				COMBINE_HIDPI_IMAGES = YES;
				COPY_PHASE_STRIP = NO;
				FRAMEWORK_SEARCH_PATHS = (
					"$(inherited)",
					"$(PROJECT_DIR)/RubyCocoa/framework/build/Default",
				);
				GCC_NO_COMMON_BLOCKS = YES;
				HEADER_SEARCH_PATHS = (
					"$(inherited)",
					"$(SRCROOT)/../destroot/bundle/include/ruby-2.2.0",
					"$(SRCROOT)/../destroot/bundle/include/ruby-2.2.0/x86_64-darwin15",
				);
				INFOPLIST_FILE = CPReflectionService/Info.plist;
				LIBRARY_SEARCH_PATHS = (
					"$(inherited)",
					"$(PROJECT_DIR)/CPReflectionService",
				);
				MACOSX_DEPLOYMENT_TARGET = 10.10;
				PRODUCT_BUNDLE_IDENTIFIER = org.cocoapods.ReflectionService;
				PRODUCT_NAME = "$(TARGET_NAME)";
				SDKROOT = macosx;
				SKIP_INSTALL = YES;
			};
			name = Release;
		};
		51165E3A1A17AFF500DCFC94 /* Debug */ = {
			isa = XCBuildConfiguration;
			buildSettings = {
				ALWAYS_SEARCH_USER_PATHS = NO;
				CLANG_CXX_LANGUAGE_STANDARD = "gnu++0x";
				CLANG_CXX_LIBRARY = "libc++";
				CLANG_ENABLE_MODULES = YES;
				CLANG_ENABLE_OBJC_ARC = YES;
				CLANG_WARN_BOOL_CONVERSION = YES;
				CLANG_WARN_CONSTANT_CONVERSION = YES;
				CLANG_WARN_DIRECT_OBJC_ISA_USAGE = YES_ERROR;
				CLANG_WARN_EMPTY_BODY = YES;
				CLANG_WARN_ENUM_CONVERSION = YES;
				CLANG_WARN_INT_CONVERSION = YES;
				CLANG_WARN_OBJC_ROOT_CLASS = YES_ERROR;
				CLANG_WARN_UNREACHABLE_CODE = YES;
				CLANG_WARN__DUPLICATE_METHOD_MATCH = YES;
				CODE_SIGN_IDENTITY = "Mac Developer";
				COPY_PHASE_STRIP = NO;
				ENABLE_STRICT_OBJC_MSGSEND = YES;
				ENABLE_TESTABILITY = YES;
				GCC_C_LANGUAGE_STANDARD = gnu99;
				GCC_DYNAMIC_NO_PIC = NO;
				GCC_OPTIMIZATION_LEVEL = 0;
				GCC_PREPROCESSOR_DEFINITIONS = (
					"DEBUG=1",
					"$(inherited)",
				);
				GCC_SYMBOLS_PRIVATE_EXTERN = NO;
				GCC_WARN_64_TO_32_BIT_CONVERSION = YES;
				GCC_WARN_ABOUT_RETURN_TYPE = YES_ERROR;
				GCC_WARN_UNDECLARED_SELECTOR = YES;
				GCC_WARN_UNINITIALIZED_AUTOS = YES_AGGRESSIVE;
				GCC_WARN_UNUSED_FUNCTION = YES;
				GCC_WARN_UNUSED_VARIABLE = YES;
				MACOSX_DEPLOYMENT_TARGET = 10.10;
				MTL_ENABLE_DEBUG_INFO = YES;
				ONLY_ACTIVE_ARCH = YES;
			};
			name = Debug;
		};
		51165E3B1A17AFF500DCFC94 /* Release */ = {
			isa = XCBuildConfiguration;
			buildSettings = {
				ALWAYS_SEARCH_USER_PATHS = NO;
				CLANG_CXX_LANGUAGE_STANDARD = "gnu++0x";
				CLANG_CXX_LIBRARY = "libc++";
				CLANG_ENABLE_MODULES = YES;
				CLANG_ENABLE_OBJC_ARC = YES;
				CLANG_WARN_BOOL_CONVERSION = YES;
				CLANG_WARN_CONSTANT_CONVERSION = YES;
				CLANG_WARN_DIRECT_OBJC_ISA_USAGE = YES_ERROR;
				CLANG_WARN_EMPTY_BODY = YES;
				CLANG_WARN_ENUM_CONVERSION = YES;
				CLANG_WARN_INT_CONVERSION = YES;
				CLANG_WARN_OBJC_ROOT_CLASS = YES_ERROR;
				CLANG_WARN_UNREACHABLE_CODE = YES;
				CLANG_WARN__DUPLICATE_METHOD_MATCH = YES;
				CODE_SIGN_IDENTITY = "Developer ID Application";
				COPY_PHASE_STRIP = YES;
				DEBUG_INFORMATION_FORMAT = "dwarf-with-dsym";
				ENABLE_NS_ASSERTIONS = NO;
				ENABLE_STRICT_OBJC_MSGSEND = YES;
				GCC_C_LANGUAGE_STANDARD = gnu99;
				GCC_WARN_64_TO_32_BIT_CONVERSION = YES;
				GCC_WARN_ABOUT_RETURN_TYPE = YES_ERROR;
				GCC_WARN_UNDECLARED_SELECTOR = YES;
				GCC_WARN_UNINITIALIZED_AUTOS = YES_AGGRESSIVE;
				GCC_WARN_UNUSED_FUNCTION = YES;
				GCC_WARN_UNUSED_VARIABLE = YES;
				MACOSX_DEPLOYMENT_TARGET = 10.10;
				MTL_ENABLE_DEBUG_INFO = NO;
			};
			name = Release;
		};
		51165E3D1A17AFF500DCFC94 /* Debug */ = {
			isa = XCBuildConfiguration;
			baseConfigurationReference = 57995E0E6B8704BE797552B2 /* Pods-CocoaPods.debug.xcconfig */;
			buildSettings = {
				ASSETCATALOG_COMPILER_APPICON_NAME = AppIcon;
				CODE_SIGN_IDENTITY = "Developer ID Application";
				COMBINE_HIDPI_IMAGES = YES;
				FRAMEWORK_SEARCH_PATHS = (
					"$(inherited)",
					"$(PROJECT_DIR)/RubyCocoa/framework/build/Default",
				);
				HEADER_SEARCH_PATHS = (
					"$(inherited)",
					"$(SRCROOT)/../destroot/bundle/include/ruby-2.2.0",
					"$(SRCROOT)/../destroot/bundle/include/ruby-2.2.0/x86_64-darwin15",
				);
				INFOPLIST_FILE = "CocoaPods/Supporting Files/Info.plist";
				LD_RUNPATH_SEARCH_PATHS = "$(inherited) @executable_path/../Frameworks";
				PRODUCT_BUNDLE_IDENTIFIER = "org.cocoapods.$(PRODUCT_NAME:rfc1034identifier)";
				PRODUCT_NAME = "$(TARGET_NAME)";
				SWIFT_OBJC_BRIDGING_HEADER = "CocoaPods/CocoaPods-Bridging-Header.h";
				SWIFT_OPTIMIZATION_LEVEL = "-Onone";
			};
			name = Debug;
		};
		51165E3E1A17AFF500DCFC94 /* Release */ = {
			isa = XCBuildConfiguration;
			baseConfigurationReference = EBD9373107B77CCDFCD43B67 /* Pods-CocoaPods.release.xcconfig */;
			buildSettings = {
				ASSETCATALOG_COMPILER_APPICON_NAME = AppIcon;
				CODE_SIGN_IDENTITY = "Developer ID Application";
				COMBINE_HIDPI_IMAGES = YES;
				FRAMEWORK_SEARCH_PATHS = (
					"$(inherited)",
					"$(PROJECT_DIR)/RubyCocoa/framework/build/Default",
				);
				HEADER_SEARCH_PATHS = (
					"$(inherited)",
					"$(SRCROOT)/../destroot/bundle/include/ruby-2.2.0",
					"$(SRCROOT)/../destroot/bundle/include/ruby-2.2.0/x86_64-darwin15",
				);
				INFOPLIST_FILE = "CocoaPods/Supporting Files/Info.plist";
				LD_RUNPATH_SEARCH_PATHS = "$(inherited) @executable_path/../Frameworks";
				PRODUCT_BUNDLE_IDENTIFIER = "org.cocoapods.$(PRODUCT_NAME:rfc1034identifier)";
				PRODUCT_NAME = "$(TARGET_NAME)";
				SWIFT_OBJC_BRIDGING_HEADER = "CocoaPods/CocoaPods-Bridging-Header.h";
			};
			name = Release;
		};
		51165E4D1A17B2D200DCFC94 /* Debug */ = {
			isa = XCBuildConfiguration;
			buildSettings = {
				CODE_SIGN_IDENTITY = "";
				GCC_PREPROCESSOR_DEFINITIONS = (
					"DEBUG=1",
					"$(inherited)",
				);
				PRODUCT_NAME = "$(TARGET_NAME)";
			};
			name = Debug;
		};
		51165E4E1A17B2D200DCFC94 /* Release */ = {
			isa = XCBuildConfiguration;
			buildSettings = {
				PRODUCT_NAME = "$(TARGET_NAME)";
			};
			name = Release;
		};
		60F02D201C0A2A6D003600FE /* Debug */ = {
			isa = XCBuildConfiguration;
			baseConfigurationReference = 750B3A66521735BD745849E5 /* Pods-CocoaPodsTests.debug.xcconfig */;
			buildSettings = {
				BUNDLE_LOADER = "$(TEST_HOST)";
				CODE_SIGN_IDENTITY = "";
				COMBINE_HIDPI_IMAGES = YES;
				DEBUG_INFORMATION_FORMAT = dwarf;
				GCC_NO_COMMON_BLOCKS = YES;
				INFOPLIST_FILE = CocoaPodsTests/Info.plist;
				LD_RUNPATH_SEARCH_PATHS = "$(inherited) @executable_path/../Frameworks @loader_path/../Frameworks";
				MACOSX_DEPLOYMENT_TARGET = 10.11;
				PRODUCT_BUNDLE_IDENTIFIER = org.cocoapods.CocoaPodsTests;
				PRODUCT_NAME = "$(TARGET_NAME)";
				SDKROOT = macosx;
				SWIFT_OBJC_BRIDGING_HEADER = "CocoaPodsTests/CocoaPodsTests-Bridging-Header.h";
				SWIFT_OPTIMIZATION_LEVEL = "-Onone";
				TEST_HOST = "$(BUILT_PRODUCTS_DIR)/CocoaPods.app/Contents/MacOS/CocoaPods";
			};
			name = Debug;
		};
		60F02D211C0A2A6D003600FE /* Release */ = {
			isa = XCBuildConfiguration;
			baseConfigurationReference = 5D0F8EC2FC9E25C9EF3CED3F /* Pods-CocoaPodsTests.release.xcconfig */;
			buildSettings = {
				BUNDLE_LOADER = "$(TEST_HOST)";
				COMBINE_HIDPI_IMAGES = YES;
				COPY_PHASE_STRIP = NO;
				GCC_NO_COMMON_BLOCKS = YES;
				INFOPLIST_FILE = CocoaPodsTests/Info.plist;
				LD_RUNPATH_SEARCH_PATHS = "$(inherited) @executable_path/../Frameworks @loader_path/../Frameworks";
				MACOSX_DEPLOYMENT_TARGET = 10.11;
				PRODUCT_BUNDLE_IDENTIFIER = org.cocoapods.CocoaPodsTests;
				PRODUCT_NAME = "$(TARGET_NAME)";
				SDKROOT = macosx;
				SWIFT_OBJC_BRIDGING_HEADER = "CocoaPodsTests/CocoaPodsTests-Bridging-Header.h";
				TEST_HOST = "$(BUILT_PRODUCTS_DIR)/CocoaPods.app/Contents/MacOS/CocoaPods";
			};
			name = Release;
		};
/* End XCBuildConfiguration section */

/* Begin XCConfigurationList section */
		510254321C0A60680045FCD8 /* Build configuration list for PBXNativeTarget "ReflectionService" */ = {
			isa = XCConfigurationList;
			buildConfigurations = (
				510254301C0A60680045FCD8 /* Debug */,
				510254311C0A60680045FCD8 /* Release */,
			);
			defaultConfigurationIsVisible = 0;
			defaultConfigurationName = Release;
		};
		51165E1A1A17AFF500DCFC94 /* Build configuration list for PBXProject "CocoaPods" */ = {
			isa = XCConfigurationList;
			buildConfigurations = (
				51165E3A1A17AFF500DCFC94 /* Debug */,
				51165E3B1A17AFF500DCFC94 /* Release */,
			);
			defaultConfigurationIsVisible = 0;
			defaultConfigurationName = Release;
		};
		51165E3C1A17AFF500DCFC94 /* Build configuration list for PBXNativeTarget "CocoaPods" */ = {
			isa = XCConfigurationList;
			buildConfigurations = (
				51165E3D1A17AFF500DCFC94 /* Debug */,
				51165E3E1A17AFF500DCFC94 /* Release */,
			);
			defaultConfigurationIsVisible = 0;
			defaultConfigurationName = Release;
		};
		51165E4C1A17B2D200DCFC94 /* Build configuration list for PBXNativeTarget "pod" */ = {
			isa = XCConfigurationList;
			buildConfigurations = (
				51165E4D1A17B2D200DCFC94 /* Debug */,
				51165E4E1A17B2D200DCFC94 /* Release */,
			);
			defaultConfigurationIsVisible = 0;
			defaultConfigurationName = Release;
		};
		60F02D221C0A2A6D003600FE /* Build configuration list for PBXNativeTarget "CocoaPodsTests" */ = {
			isa = XCConfigurationList;
			buildConfigurations = (
				60F02D201C0A2A6D003600FE /* Debug */,
				60F02D211C0A2A6D003600FE /* Release */,
			);
			defaultConfigurationIsVisible = 0;
			defaultConfigurationName = Release;
		};
/* End XCConfigurationList section */
	};
	rootObject = 51165E171A17AFF500DCFC94 /* Project object */;
}
