// !$*UTF8*$!
{
	archiveVersion = 1;
	classes = {
	};
	objectVersion = 46;
	objects = {

/* Begin PBXBuildFile section */
		1F9177581BA27592006698C9 /* CPHomeWindowController.m in Sources */ = {isa = PBXBuildFile; fileRef = 1F9177561BA27592006698C9 /* CPHomeWindowController.m */; };
		1F91775A1BA27598006698C9 /* CPHomeWindowController.xib in Resources */ = {isa = PBXBuildFile; fileRef = 1F91775C1BA27598006698C9 /* CPHomeWindowController.xib */; };
		1FFFBB0A1BA25486004A8D1E /* pod in Copy Helper Executables */ = {isa = PBXBuildFile; fileRef = 51165E481A17B2D200DCFC94 /* pod */; settings = {ATTRIBUTES = (CodeSignOnCopy, ); }; };
		331188571BEBCB0F00272793 /* CPCLIToolInstallationController.m in Sources */ = {isa = PBXBuildFile; fileRef = 331188561BEBCB0F00272793 /* CPCLIToolInstallationController.m */; };
		3311885A1BEBCB4200272793 /* CPCLITask.m in Sources */ = {isa = PBXBuildFile; fileRef = 331188591BEBCB4200272793 /* CPCLITask.m */; };
		36E0727ACA8A0F02B69350B0 /* Pods_CocoaPods.framework in Frameworks */ = {isa = PBXBuildFile; fileRef = 217877836B7D3B2373163464 /* Pods_CocoaPods.framework */; };
		51165E261A17AFF500DCFC94 /* CPAppDelegate.m in Sources */ = {isa = PBXBuildFile; fileRef = 51165E251A17AFF500DCFC94 /* CPAppDelegate.m */; };
		51165E281A17AFF500DCFC94 /* main.m in Sources */ = {isa = PBXBuildFile; fileRef = 51165E271A17AFF500DCFC94 /* main.m */; };
		51165E2D1A17AFF500DCFC94 /* MainMenu.xib in Resources */ = {isa = PBXBuildFile; fileRef = 51165E2B1A17AFF500DCFC94 /* MainMenu.xib */; };
		51165E431A17B20700DCFC94 /* bundle in Resources */ = {isa = PBXBuildFile; fileRef = 51165E421A17B20700DCFC94 /* bundle */; };
		51165E4B1A17B2D200DCFC94 /* main.c in Sources */ = {isa = PBXBuildFile; fileRef = 51165E4A1A17B2D200DCFC94 /* main.c */; };
		51165E531A1973CC00DCFC94 /* SecurityFoundation.framework in Frameworks */ = {isa = PBXBuildFile; fileRef = 51165E521A1973CC00DCFC94 /* SecurityFoundation.framework */; };
		51165E571A1B925300DCFC94 /* CPUserProject.m in Sources */ = {isa = PBXBuildFile; fileRef = 51165E551A1B925300DCFC94 /* CPUserProject.m */; };
		5127C3291A23E6CA0093143B /* CoreFoundation.framework in Frameworks */ = {isa = PBXBuildFile; fileRef = 5127C3281A23E6CA0093143B /* CoreFoundation.framework */; };
		5127C32B1A23E6DD0093143B /* CoreServices.framework in Frameworks */ = {isa = PBXBuildFile; fileRef = 5127C32A1A23E6DD0093143B /* CoreServices.framework */; };
		5180FE941AD2A51300314D61 /* LICENSE in Resources */ = {isa = PBXBuildFile; fileRef = 5180FE931AD2A51300314D61 /* LICENSE */; };
		519C328F1C029E3C003BDC49 /* libruby+exts.a in Frameworks */ = {isa = PBXBuildFile; fileRef = 519C328E1C029E3C003BDC49 /* libruby+exts.a */; };
		51CFC7841A2DF88700F9ABCB /* Security.framework in Frameworks */ = {isa = PBXBuildFile; fileRef = 51CFC7831A2DF88700F9ABCB /* Security.framework */; };
		51CFC7861A2DF8E000F9ABCB /* Cocoa.framework in Frameworks */ = {isa = PBXBuildFile; fileRef = 51CFC7851A2DF8E000F9ABCB /* Cocoa.framework */; };
		51D2E5B11A212A0800C0B153 /* Syntax Definitions in Resources */ = {isa = PBXBuildFile; fileRef = 51D2E5AF1A212A0800C0B153 /* Syntax Definitions */; };
		51D2E5B21A212A0800C0B153 /* SyntaxDefinitions.plist in Resources */ = {isa = PBXBuildFile; fileRef = 51D2E5B01A212A0800C0B153 /* SyntaxDefinitions.plist */; };
		51EA178C1C00D279000DC69A /* RBObject+CocoaPods.m in Sources */ = {isa = PBXBuildFile; fileRef = 51EA178B1C00D279000DC69A /* RBObject+CocoaPods.m */; };
		51EA178E1C0147BD000DC69A /* RBObject+CocoaPods.rb in Resources */ = {isa = PBXBuildFile; fileRef = 51EA178D1C0147BD000DC69A /* RBObject+CocoaPods.rb */; };
		51EA17901C0155E9000DC69A /* RubyCocoa.framework in Copy RubyCocoa.framework */ = {isa = PBXBuildFile; fileRef = 51EA178F1C0155E9000DC69A /* RubyCocoa.framework */; settings = {ATTRIBUTES = (CodeSignOnCopy, RemoveHeadersOnCopy, ); }; };
		51EA17911C0155FD000DC69A /* RubyCocoa.framework in Frameworks */ = {isa = PBXBuildFile; fileRef = 51EA178F1C0155E9000DC69A /* RubyCocoa.framework */; };
		601F910D1BE63B8100AD22B1 /* CPExternalLinksHelper.m in Sources */ = {isa = PBXBuildFile; fileRef = 601F910C1BE63B8100AD22B1 /* CPExternalLinksHelper.m */; };
		601F91101BE6406600AD22B1 /* Podfile-icon@2x.png in Resources */ = {isa = PBXBuildFile; fileRef = 601F910F1BE6406600AD22B1 /* Podfile-icon@2x.png */; };
		601F91151BE6435E00AD22B1 /* NSURL+TersePaths.m in Sources */ = {isa = PBXBuildFile; fileRef = 601F91141BE6435E00AD22B1 /* NSURL+TersePaths.m */; };
		6035BFF01C07C916003250A8 /* CPHiddenTabViewController.swift in Sources */ = {isa = PBXBuildFile; fileRef = 6035BFEF1C07C916003250A8 /* CPHiddenTabViewController.swift */; };
		604C26CE1C07843C00E16D84 /* CPPodfileConsoleViewController.swift in Sources */ = {isa = PBXBuildFile; fileRef = 604C26CC1C07843C00E16D84 /* CPPodfileConsoleViewController.swift */; };
		6051191D1C08A1EA0037B95E /* CPModifiedDecorationsWindow.swift in Sources */ = {isa = PBXBuildFile; fileRef = 6051191C1C08A1EA0037B95E /* CPModifiedDecorationsWindow.swift */; };
		605119201C08C4C00037B95E /* CPReturnTriggeringTableView.swift in Sources */ = {isa = PBXBuildFile; fileRef = 6051191F1C08C4C00037B95E /* CPReturnTriggeringTableView.swift */; };
		605119231C08F02D0037B95E /* CPBrownVisualEffectsView.swift in Sources */ = {isa = PBXBuildFile; fileRef = 605119221C08F02D0037B95E /* CPBrownVisualEffectsView.swift */; };
		605119251C08F5880037B95E /* CPFontAndColourGateKeeper.swift in Sources */ = {isa = PBXBuildFile; fileRef = 605119241C08F5880037B95E /* CPFontAndColourGateKeeper.swift */; };
		605119281C0909420037B95E /* CPPodfileReflection.m in Sources */ = {isa = PBXBuildFile; fileRef = 605119271C0909420037B95E /* CPPodfileReflection.m */; };
		606D1ED21BF90705000B7148 /* Podfile.storyboard in Resources */ = {isa = PBXBuildFile; fileRef = 606D1ED11BF90705000B7148 /* Podfile.storyboard */; };
		606D1ED51BF91040000B7148 /* CPPodfileEditorViewController.swift in Sources */ = {isa = PBXBuildFile; fileRef = 606D1ED41BF91040000B7148 /* CPPodfileEditorViewController.swift */; };
		606D1EDA1BF911EF000B7148 /* CPPodfileViewController.swift in Sources */ = {isa = PBXBuildFile; fileRef = 606D1ED91BF911EF000B7148 /* CPPodfileViewController.swift */; };
		6075BA651C068B5F00A5C491 /* Podfile.xcassets in Resources */ = {isa = PBXBuildFile; fileRef = 6075BA641C068B5F00A5C491 /* Podfile.xcassets */; };
		6075BA671C06963700A5C491 /* CPInstallAction.swift in Sources */ = {isa = PBXBuildFile; fileRef = 6075BA661C06963700A5C491 /* CPInstallAction.swift */; };
		6085133F1BB6A3D500595B97 /* CPRecentDocumentsController.m in Sources */ = {isa = PBXBuildFile; fileRef = 6085133E1BB6A3D500595B97 /* CPRecentDocumentsController.m */; };
		60F02D1C1C0A2A6D003600FE /* CocoaPodsTests.swift in Sources */ = {isa = PBXBuildFile; fileRef = 60F02D1B1C0A2A6D003600FE /* CocoaPodsTests.swift */; };
		60F02D251C0A2E63003600FE /* Pods-CocoaPods.debug.xcconfig in Resources */ = {isa = PBXBuildFile; fileRef = 60F02D231C0A2E63003600FE /* Pods-CocoaPods.debug.xcconfig */; };
		60F02D261C0A2E63003600FE /* Pods-CocoaPods.release.xcconfig in Resources */ = {isa = PBXBuildFile; fileRef = 60F02D241C0A2E63003600FE /* Pods-CocoaPods.release.xcconfig */; };
		60FE01671B9B7AA70027EEE3 /* SMLTextView+CocoaPods.m in Sources */ = {isa = PBXBuildFile; fileRef = 60FE01661B9B7AA70027EEE3 /* SMLTextView+CocoaPods.m */; };
		60FE01701B9B7F1E0027EEE3 /* SUUpdater+DebugMode.m in Sources */ = {isa = PBXBuildFile; fileRef = 60FE016F1B9B7F1E0027EEE3 /* SUUpdater+DebugMode.m */; };
		770382F41A2035B400435285 /* Localizable.strings in Resources */ = {isa = PBXBuildFile; fileRef = 770382F31A2035B400435285 /* Localizable.strings */; };
		77356D751A2253F1002822CF /* Media.xcassets in Resources */ = {isa = PBXBuildFile; fileRef = 77356D741A2253F1002822CF /* Media.xcassets */; };
		7C4B007D1B9B441800B6C782 /* CPANSIEscapeHelper.m in Sources */ = {isa = PBXBuildFile; fileRef = 7C4B007C1B9B441800B6C782 /* CPANSIEscapeHelper.m */; };
		819DB6F64DA0396A92897A3C /* Pods.framework in Frameworks */ = {isa = PBXBuildFile; fileRef = 48BFECFC4C849B1ABEB40B43 /* Pods.framework */; };
		BCB9AE8AEBBAE1D2D1441F62 /* Pods_CocoaPodsTests.framework in Frameworks */ = {isa = PBXBuildFile; fileRef = 995F193B1C17F93F892E6798 /* Pods_CocoaPodsTests.framework */; };
/* End PBXBuildFile section */

/* Begin PBXContainerItemProxy section */
		51165E4F1A190F8D00DCFC94 /* PBXContainerItemProxy */ = {
			isa = PBXContainerItemProxy;
			containerPortal = 51165E171A17AFF500DCFC94 /* Project object */;
			proxyType = 1;
			remoteGlobalIDString = 51165E471A17B2D200DCFC94;
			remoteInfo = pod;
		};
		60F02D1E1C0A2A6D003600FE /* PBXContainerItemProxy */ = {
			isa = PBXContainerItemProxy;
			containerPortal = 51165E171A17AFF500DCFC94 /* Project object */;
			proxyType = 1;
			remoteGlobalIDString = 51165E1E1A17AFF500DCFC94;
			remoteInfo = CocoaPods;
		};
/* End PBXContainerItemProxy section */

/* Begin PBXCopyFilesBuildPhase section */
		1FFFBB091BA25469004A8D1E /* Copy Helper Executables */ = {
			isa = PBXCopyFilesBuildPhase;
			buildActionMask = 2147483647;
			dstPath = Contents/Helpers;
			dstSubfolderSpec = 1;
			files = (
				1FFFBB0A1BA25486004A8D1E /* pod in Copy Helper Executables */,
			);
			name = "Copy Helper Executables";
			runOnlyForDeploymentPostprocessing = 0;
		};
		51165E461A17B2D200DCFC94 /* CopyFiles */ = {
			isa = PBXCopyFilesBuildPhase;
			buildActionMask = 2147483647;
			dstPath = /usr/share/man/man1/;
			dstSubfolderSpec = 0;
			files = (
			);
			runOnlyForDeploymentPostprocessing = 1;
		};
		51EA17871BFFF241000DC69A /* Copy RubyCocoa.framework */ = {
			isa = PBXCopyFilesBuildPhase;
			buildActionMask = 2147483647;
			dstPath = "";
			dstSubfolderSpec = 10;
			files = (
				51EA17901C0155E9000DC69A /* RubyCocoa.framework in Copy RubyCocoa.framework */,
			);
			name = "Copy RubyCocoa.framework";
			runOnlyForDeploymentPostprocessing = 0;
		};
/* End PBXCopyFilesBuildPhase section */

/* Begin PBXFileReference section */
		1F9177551BA27592006698C9 /* CPHomeWindowController.h */ = {isa = PBXFileReference; fileEncoding = 4; lastKnownFileType = sourcecode.c.h; path = CPHomeWindowController.h; sourceTree = "<group>"; };
		1F9177561BA27592006698C9 /* CPHomeWindowController.m */ = {isa = PBXFileReference; fileEncoding = 4; lastKnownFileType = sourcecode.c.objc; path = CPHomeWindowController.m; sourceTree = "<group>"; };
		1F91775B1BA27598006698C9 /* Base */ = {isa = PBXFileReference; lastKnownFileType = file.xib; name = Base; path = Base.lproj/CPHomeWindowController.xib; sourceTree = "<group>"; };
		217877836B7D3B2373163464 /* Pods_CocoaPods.framework */ = {isa = PBXFileReference; explicitFileType = wrapper.framework; includeInIndex = 0; path = Pods_CocoaPods.framework; sourceTree = BUILT_PRODUCTS_DIR; };
		331188551BEBCB0F00272793 /* CPCLIToolInstallationController.h */ = {isa = PBXFileReference; fileEncoding = 4; lastKnownFileType = sourcecode.c.h; path = CPCLIToolInstallationController.h; sourceTree = "<group>"; };
		331188561BEBCB0F00272793 /* CPCLIToolInstallationController.m */ = {isa = PBXFileReference; fileEncoding = 4; lastKnownFileType = sourcecode.c.objc; path = CPCLIToolInstallationController.m; sourceTree = "<group>"; };
		331188581BEBCB4200272793 /* CPCLITask.h */ = {isa = PBXFileReference; fileEncoding = 4; lastKnownFileType = sourcecode.c.h; path = CPCLITask.h; sourceTree = "<group>"; };
		331188591BEBCB4200272793 /* CPCLITask.m */ = {isa = PBXFileReference; fileEncoding = 4; lastKnownFileType = sourcecode.c.objc; path = CPCLITask.m; sourceTree = "<group>"; };
		48BFECFC4C849B1ABEB40B43 /* Pods.framework */ = {isa = PBXFileReference; explicitFileType = wrapper.framework; includeInIndex = 0; path = Pods.framework; sourceTree = BUILT_PRODUCTS_DIR; };
		51052FD61BFB8983004151FC /* libruby-static.a */ = {isa = PBXFileReference; lastKnownFileType = archive.ar; name = "libruby-static.a"; path = "../destroot/bundle/lib/libruby-static.a"; sourceTree = "<group>"; };
		51165E1F1A17AFF500DCFC94 /* CocoaPods.app */ = {isa = PBXFileReference; explicitFileType = wrapper.application; includeInIndex = 0; path = CocoaPods.app; sourceTree = BUILT_PRODUCTS_DIR; };
		51165E231A17AFF500DCFC94 /* Info.plist */ = {isa = PBXFileReference; lastKnownFileType = text.plist.xml; path = Info.plist; sourceTree = "<group>"; };
		51165E241A17AFF500DCFC94 /* CPAppDelegate.h */ = {isa = PBXFileReference; lastKnownFileType = sourcecode.c.h; path = CPAppDelegate.h; sourceTree = "<group>"; };
		51165E251A17AFF500DCFC94 /* CPAppDelegate.m */ = {isa = PBXFileReference; lastKnownFileType = sourcecode.c.objc; path = CPAppDelegate.m; sourceTree = "<group>"; };
		51165E271A17AFF500DCFC94 /* main.m */ = {isa = PBXFileReference; lastKnownFileType = sourcecode.c.objc; path = main.m; sourceTree = "<group>"; };
		51165E2C1A17AFF500DCFC94 /* Base */ = {isa = PBXFileReference; lastKnownFileType = file.xib; name = Base; path = Base.lproj/MainMenu.xib; sourceTree = "<group>"; };
		51165E421A17B20700DCFC94 /* bundle */ = {isa = PBXFileReference; lastKnownFileType = folder; name = bundle; path = ../destroot/bundle; sourceTree = "<group>"; };
		51165E481A17B2D200DCFC94 /* pod */ = {isa = PBXFileReference; explicitFileType = "compiled.mach-o.executable"; includeInIndex = 0; path = pod; sourceTree = BUILT_PRODUCTS_DIR; };
		51165E4A1A17B2D200DCFC94 /* main.c */ = {isa = PBXFileReference; lastKnownFileType = sourcecode.c.c; path = main.c; sourceTree = "<group>"; };
		51165E521A1973CC00DCFC94 /* SecurityFoundation.framework */ = {isa = PBXFileReference; lastKnownFileType = wrapper.framework; name = SecurityFoundation.framework; path = System/Library/Frameworks/SecurityFoundation.framework; sourceTree = SDKROOT; };
		51165E541A1B925200DCFC94 /* CPUserProject.h */ = {isa = PBXFileReference; fileEncoding = 4; lastKnownFileType = sourcecode.c.h; path = CPUserProject.h; sourceTree = "<group>"; };
		51165E551A1B925300DCFC94 /* CPUserProject.m */ = {isa = PBXFileReference; fileEncoding = 4; lastKnownFileType = sourcecode.c.objc; path = CPUserProject.m; sourceTree = "<group>"; };
		5127C3281A23E6CA0093143B /* CoreFoundation.framework */ = {isa = PBXFileReference; lastKnownFileType = wrapper.framework; name = CoreFoundation.framework; path = System/Library/Frameworks/CoreFoundation.framework; sourceTree = SDKROOT; };
		5127C32A1A23E6DD0093143B /* CoreServices.framework */ = {isa = PBXFileReference; lastKnownFileType = wrapper.framework; name = CoreServices.framework; path = System/Library/Frameworks/CoreServices.framework; sourceTree = SDKROOT; };
		5180FE931AD2A51300314D61 /* LICENSE */ = {isa = PBXFileReference; fileEncoding = 4; lastKnownFileType = text; name = LICENSE; path = ../../../LICENSE; sourceTree = "<group>"; };
		519C328E1C029E3C003BDC49 /* libruby+exts.a */ = {isa = PBXFileReference; lastKnownFileType = archive.ar; path = "libruby+exts.a"; sourceTree = "<group>"; };
		51CFC7831A2DF88700F9ABCB /* Security.framework */ = {isa = PBXFileReference; lastKnownFileType = wrapper.framework; name = Security.framework; path = System/Library/Frameworks/Security.framework; sourceTree = SDKROOT; };
		51CFC7851A2DF8E000F9ABCB /* Cocoa.framework */ = {isa = PBXFileReference; lastKnownFileType = wrapper.framework; name = Cocoa.framework; path = System/Library/Frameworks/Cocoa.framework; sourceTree = SDKROOT; };
		51D2E5AF1A212A0800C0B153 /* Syntax Definitions */ = {isa = PBXFileReference; lastKnownFileType = folder; path = "Syntax Definitions"; sourceTree = "<group>"; };
		51D2E5B01A212A0800C0B153 /* SyntaxDefinitions.plist */ = {isa = PBXFileReference; fileEncoding = 4; lastKnownFileType = text.plist.xml; path = SyntaxDefinitions.plist; sourceTree = "<group>"; };
		51EA178A1C00D279000DC69A /* RBObject+CocoaPods.h */ = {isa = PBXFileReference; fileEncoding = 4; lastKnownFileType = sourcecode.c.h; path = "RBObject+CocoaPods.h"; sourceTree = "<group>"; };
		51EA178B1C00D279000DC69A /* RBObject+CocoaPods.m */ = {isa = PBXFileReference; fileEncoding = 4; lastKnownFileType = sourcecode.c.objc; path = "RBObject+CocoaPods.m"; sourceTree = "<group>"; };
		51EA178D1C0147BD000DC69A /* RBObject+CocoaPods.rb */ = {isa = PBXFileReference; fileEncoding = 4; lastKnownFileType = text.script.ruby; path = "RBObject+CocoaPods.rb"; sourceTree = "<group>"; };
		51EA178F1C0155E9000DC69A /* RubyCocoa.framework */ = {isa = PBXFileReference; lastKnownFileType = wrapper.framework; name = RubyCocoa.framework; path = RubyCocoa/framework/build/Default/RubyCocoa.framework; sourceTree = "<group>"; };
		601F910B1BE63B8100AD22B1 /* CPExternalLinksHelper.h */ = {isa = PBXFileReference; fileEncoding = 4; lastKnownFileType = sourcecode.c.h; path = CPExternalLinksHelper.h; sourceTree = "<group>"; };
		601F910C1BE63B8100AD22B1 /* CPExternalLinksHelper.m */ = {isa = PBXFileReference; fileEncoding = 4; lastKnownFileType = sourcecode.c.objc; path = CPExternalLinksHelper.m; sourceTree = "<group>"; };
		601F910F1BE6406600AD22B1 /* Podfile-icon@2x.png */ = {isa = PBXFileReference; lastKnownFileType = image.png; path = "Podfile-icon@2x.png"; sourceTree = "<group>"; };
		601F91131BE6435E00AD22B1 /* NSURL+TersePaths.h */ = {isa = PBXFileReference; fileEncoding = 4; lastKnownFileType = sourcecode.c.h; path = "NSURL+TersePaths.h"; sourceTree = "<group>"; };
		601F91141BE6435E00AD22B1 /* NSURL+TersePaths.m */ = {isa = PBXFileReference; fileEncoding = 4; lastKnownFileType = sourcecode.c.objc; path = "NSURL+TersePaths.m"; sourceTree = "<group>"; };
		6035BFEF1C07C916003250A8 /* CPHiddenTabViewController.swift */ = {isa = PBXFileReference; fileEncoding = 4; lastKnownFileType = sourcecode.swift; path = CPHiddenTabViewController.swift; sourceTree = "<group>"; };
		604C26CC1C07843C00E16D84 /* CPPodfileConsoleViewController.swift */ = {isa = PBXFileReference; fileEncoding = 4; lastKnownFileType = sourcecode.swift; path = CPPodfileConsoleViewController.swift; sourceTree = "<group>"; };
		6051191C1C08A1EA0037B95E /* CPModifiedDecorationsWindow.swift */ = {isa = PBXFileReference; fileEncoding = 4; lastKnownFileType = sourcecode.swift; path = CPModifiedDecorationsWindow.swift; sourceTree = "<group>"; };
		6051191F1C08C4C00037B95E /* CPReturnTriggeringTableView.swift */ = {isa = PBXFileReference; fileEncoding = 4; lastKnownFileType = sourcecode.swift; path = CPReturnTriggeringTableView.swift; sourceTree = "<group>"; };
		605119221C08F02D0037B95E /* CPBrownVisualEffectsView.swift */ = {isa = PBXFileReference; fileEncoding = 4; lastKnownFileType = sourcecode.swift; path = CPBrownVisualEffectsView.swift; sourceTree = "<group>"; };
		605119241C08F5880037B95E /* CPFontAndColourGateKeeper.swift */ = {isa = PBXFileReference; fileEncoding = 4; lastKnownFileType = sourcecode.swift; path = CPFontAndColourGateKeeper.swift; sourceTree = "<group>"; };
		605119261C0909420037B95E /* CPPodfileReflection.h */ = {isa = PBXFileReference; fileEncoding = 4; lastKnownFileType = sourcecode.c.h; path = CPPodfileReflection.h; sourceTree = "<group>"; };
		605119271C0909420037B95E /* CPPodfileReflection.m */ = {isa = PBXFileReference; fileEncoding = 4; lastKnownFileType = sourcecode.c.objc; path = CPPodfileReflection.m; sourceTree = "<group>"; };
		606D1ED11BF90705000B7148 /* Podfile.storyboard */ = {isa = PBXFileReference; fileEncoding = 4; lastKnownFileType = file.storyboard; path = Podfile.storyboard; sourceTree = "<group>"; };
		606D1ED31BF91040000B7148 /* CocoaPods-Bridging-Header.h */ = {isa = PBXFileReference; lastKnownFileType = sourcecode.c.h; path = "CocoaPods-Bridging-Header.h"; sourceTree = "<group>"; };
		606D1ED41BF91040000B7148 /* CPPodfileEditorViewController.swift */ = {isa = PBXFileReference; fileEncoding = 4; lastKnownFileType = sourcecode.swift; path = CPPodfileEditorViewController.swift; sourceTree = "<group>"; };
		606D1ED91BF911EF000B7148 /* CPPodfileViewController.swift */ = {isa = PBXFileReference; fileEncoding = 4; lastKnownFileType = sourcecode.swift; path = CPPodfileViewController.swift; sourceTree = "<group>"; };
		6075BA641C068B5F00A5C491 /* Podfile.xcassets */ = {isa = PBXFileReference; lastKnownFileType = folder.assetcatalog; path = Podfile.xcassets; sourceTree = "<group>"; };
		6075BA661C06963700A5C491 /* CPInstallAction.swift */ = {isa = PBXFileReference; fileEncoding = 4; lastKnownFileType = sourcecode.swift; path = CPInstallAction.swift; sourceTree = "<group>"; };
		6085133D1BB6A3D500595B97 /* CPRecentDocumentsController.h */ = {isa = PBXFileReference; fileEncoding = 4; lastKnownFileType = sourcecode.c.h; path = CPRecentDocumentsController.h; sourceTree = "<group>"; };
		6085133E1BB6A3D500595B97 /* CPRecentDocumentsController.m */ = {isa = PBXFileReference; fileEncoding = 4; lastKnownFileType = sourcecode.c.objc; path = CPRecentDocumentsController.m; sourceTree = "<group>"; };
		60F02D191C0A2A6D003600FE /* CocoaPodsTests.xctest */ = {isa = PBXFileReference; explicitFileType = wrapper.cfbundle; includeInIndex = 0; path = CocoaPodsTests.xctest; sourceTree = BUILT_PRODUCTS_DIR; };
		60F02D1B1C0A2A6D003600FE /* CocoaPodsTests.swift */ = {isa = PBXFileReference; lastKnownFileType = sourcecode.swift; path = CocoaPodsTests.swift; sourceTree = "<group>"; };
		60F02D1D1C0A2A6D003600FE /* Info.plist */ = {isa = PBXFileReference; lastKnownFileType = text.plist.xml; path = Info.plist; sourceTree = "<group>"; };
		60F02D231C0A2E63003600FE /* Pods-CocoaPods.debug.xcconfig */ = {isa = PBXFileReference; fileEncoding = 4; lastKnownFileType = text.xcconfig; name = "Pods-CocoaPods.debug.xcconfig"; path = "Pods/Target Support Files/Pods-CocoaPods/Pods-CocoaPods.debug.xcconfig"; sourceTree = "<group>"; };
		60F02D241C0A2E63003600FE /* Pods-CocoaPods.release.xcconfig */ = {isa = PBXFileReference; fileEncoding = 4; lastKnownFileType = text.xcconfig; name = "Pods-CocoaPods.release.xcconfig"; path = "Pods/Target Support Files/Pods-CocoaPods/Pods-CocoaPods.release.xcconfig"; sourceTree = "<group>"; };
		60FE01661B9B7AA70027EEE3 /* SMLTextView+CocoaPods.m */ = {isa = PBXFileReference; fileEncoding = 4; lastKnownFileType = sourcecode.c.objc; path = "SMLTextView+CocoaPods.m"; sourceTree = "<group>"; };
		60FE016F1B9B7F1E0027EEE3 /* SUUpdater+DebugMode.m */ = {isa = PBXFileReference; fileEncoding = 4; lastKnownFileType = sourcecode.c.objc; path = "SUUpdater+DebugMode.m"; sourceTree = "<group>"; };
		770382F31A2035B400435285 /* Localizable.strings */ = {isa = PBXFileReference; fileEncoding = 4; lastKnownFileType = text.plist.strings; path = Localizable.strings; sourceTree = "<group>"; };
		77356D741A2253F1002822CF /* Media.xcassets */ = {isa = PBXFileReference; lastKnownFileType = folder.assetcatalog; path = Media.xcassets; sourceTree = "<group>"; };
		7AB54ADC17FEC31054B37767 /* Pods-CocoaPodsTests.debug.xcconfig */ = {isa = PBXFileReference; includeInIndex = 1; lastKnownFileType = text.xcconfig; name = "Pods-CocoaPodsTests.debug.xcconfig"; path = "Pods/Target Support Files/Pods-CocoaPodsTests/Pods-CocoaPodsTests.debug.xcconfig"; sourceTree = "<group>"; };
		7C4B007B1B9B441800B6C782 /* CPANSIEscapeHelper.h */ = {isa = PBXFileReference; fileEncoding = 4; lastKnownFileType = sourcecode.c.h; path = CPANSIEscapeHelper.h; sourceTree = "<group>"; };
		7C4B007C1B9B441800B6C782 /* CPANSIEscapeHelper.m */ = {isa = PBXFileReference; fileEncoding = 4; lastKnownFileType = sourcecode.c.objc; path = CPANSIEscapeHelper.m; sourceTree = "<group>"; };
		995F193B1C17F93F892E6798 /* Pods_CocoaPodsTests.framework */ = {isa = PBXFileReference; explicitFileType = wrapper.framework; includeInIndex = 0; path = Pods_CocoaPodsTests.framework; sourceTree = BUILT_PRODUCTS_DIR; };
		C53A61848EA686BA6CCC6591 /* Pods-CocoaPodsTests.release.xcconfig */ = {isa = PBXFileReference; includeInIndex = 1; lastKnownFileType = text.xcconfig; name = "Pods-CocoaPodsTests.release.xcconfig"; path = "Pods/Target Support Files/Pods-CocoaPodsTests/Pods-CocoaPodsTests.release.xcconfig"; sourceTree = "<group>"; };
/* End PBXFileReference section */

/* Begin PBXFrameworksBuildPhase section */
		51165E1C1A17AFF500DCFC94 /* Frameworks */ = {
			isa = PBXFrameworksBuildPhase;
			buildActionMask = 2147483647;
			files = (
				519C328F1C029E3C003BDC49 /* libruby+exts.a in Frameworks */,
				51EA17911C0155FD000DC69A /* RubyCocoa.framework in Frameworks */,
				51CFC7861A2DF8E000F9ABCB /* Cocoa.framework in Frameworks */,
				51CFC7841A2DF88700F9ABCB /* Security.framework in Frameworks */,
				51165E531A1973CC00DCFC94 /* SecurityFoundation.framework in Frameworks */,
				819DB6F64DA0396A92897A3C /* Pods.framework in Frameworks */,
				36E0727ACA8A0F02B69350B0 /* Pods_CocoaPods.framework in Frameworks */,
			);
			runOnlyForDeploymentPostprocessing = 0;
		};
		51165E451A17B2D200DCFC94 /* Frameworks */ = {
			isa = PBXFrameworksBuildPhase;
			buildActionMask = 2147483647;
			files = (
				5127C32B1A23E6DD0093143B /* CoreServices.framework in Frameworks */,
				5127C3291A23E6CA0093143B /* CoreFoundation.framework in Frameworks */,
			);
			runOnlyForDeploymentPostprocessing = 0;
		};
		60F02D161C0A2A6D003600FE /* Frameworks */ = {
			isa = PBXFrameworksBuildPhase;
			buildActionMask = 2147483647;
			files = (
				BCB9AE8AEBBAE1D2D1441F62 /* Pods_CocoaPodsTests.framework in Frameworks */,
			);
			runOnlyForDeploymentPostprocessing = 0;
		};
/* End PBXFrameworksBuildPhase section */

/* Begin PBXGroup section */
		331188541BEBCB0F00272793 /* CLI Integrations */ = {
			isa = PBXGroup;
			children = (
				331188581BEBCB4200272793 /* CPCLITask.h */,
				331188591BEBCB4200272793 /* CPCLITask.m */,
				331188551BEBCB0F00272793 /* CPCLIToolInstallationController.h */,
				331188561BEBCB0F00272793 /* CPCLIToolInstallationController.m */,
			);
			path = "CLI Integrations";
			sourceTree = "<group>";
		};
		46126B404240E403B2193EE7 /* Frameworks */ = {
			isa = PBXGroup;
			children = (
				51052FD61BFB8983004151FC /* libruby-static.a */,
				51EA178F1C0155E9000DC69A /* RubyCocoa.framework */,
				51CFC7851A2DF8E000F9ABCB /* Cocoa.framework */,
				51CFC7831A2DF88700F9ABCB /* Security.framework */,
				5127C32A1A23E6DD0093143B /* CoreServices.framework */,
				5127C3281A23E6CA0093143B /* CoreFoundation.framework */,
				51165E521A1973CC00DCFC94 /* SecurityFoundation.framework */,
				48BFECFC4C849B1ABEB40B43 /* Pods.framework */,
				217877836B7D3B2373163464 /* Pods_CocoaPods.framework */,
				995F193B1C17F93F892E6798 /* Pods_CocoaPodsTests.framework */,
			);
			name = Frameworks;
			sourceTree = "<group>";
		};
		51165E161A17AFF500DCFC94 = {
			isa = PBXGroup;
			children = (
				51165E421A17B20700DCFC94 /* bundle */,
				51165E211A17AFF500DCFC94 /* CocoaPods */,
				51165E491A17B2D200DCFC94 /* pod */,
				60F02D1A1C0A2A6D003600FE /* CocoaPodsTests */,
				51165E201A17AFF500DCFC94 /* Products */,
				46126B404240E403B2193EE7 /* Frameworks */,
				E21FBC2CEDF1DF4BFA47A227 /* Pods */,
			);
			indentWidth = 2;
			sourceTree = "<group>";
			tabWidth = 2;
		};
		51165E201A17AFF500DCFC94 /* Products */ = {
			isa = PBXGroup;
			children = (
				51165E1F1A17AFF500DCFC94 /* CocoaPods.app */,
				51165E481A17B2D200DCFC94 /* pod */,
				60F02D191C0A2A6D003600FE /* CocoaPodsTests.xctest */,
			);
			name = Products;
			sourceTree = "<group>";
		};
		51165E211A17AFF500DCFC94 /* CocoaPods */ = {
			isa = PBXGroup;
			children = (
				606D1ED31BF91040000B7148 /* CocoaPods-Bridging-Header.h */,
				51165E241A17AFF500DCFC94 /* CPAppDelegate.h */,
				51165E251A17AFF500DCFC94 /* CPAppDelegate.m */,
				51165E2B1A17AFF500DCFC94 /* MainMenu.xib */,
				51EA17891C00D20B000DC69A /* Ruby Integration */,
				331188541BEBCB0F00272793 /* CLI Integrations */,
				60FE01641B9B76520027EEE3 /* Project */,
				60FE01631B9B76470027EEE3 /* Podfile Window */,
				60FE016D1B9B7F000027EEE3 /* Categories */,
				60FE01621B9B76400027EEE3 /* Home Window */,
				51165E221A17AFF500DCFC94 /* Supporting Files */,
			);
			path = CocoaPods;
			sourceTree = "<group>";
		};
		51165E221A17AFF500DCFC94 /* Supporting Files */ = {
			isa = PBXGroup;
			children = (
				5180FE931AD2A51300314D61 /* LICENSE */,
				77356D741A2253F1002822CF /* Media.xcassets */,
				51D2E5AF1A212A0800C0B153 /* Syntax Definitions */,
				51D2E5B01A212A0800C0B153 /* SyntaxDefinitions.plist */,
				770382F31A2035B400435285 /* Localizable.strings */,
				51165E231A17AFF500DCFC94 /* Info.plist */,
				51165E271A17AFF500DCFC94 /* main.m */,
			);
			path = "Supporting Files";
			sourceTree = "<group>";
		};
		51165E491A17B2D200DCFC94 /* pod */ = {
			isa = PBXGroup;
			children = (
				51165E4A1A17B2D200DCFC94 /* main.c */,
			);
			path = pod;
			sourceTree = "<group>";
		};
		51EA17891C00D20B000DC69A /* Ruby Integration */ = {
			isa = PBXGroup;
			children = (
				519C328E1C029E3C003BDC49 /* libruby+exts.a */,
				51EA178A1C00D279000DC69A /* RBObject+CocoaPods.h */,
				51EA178B1C00D279000DC69A /* RBObject+CocoaPods.m */,
				51EA178D1C0147BD000DC69A /* RBObject+CocoaPods.rb */,
			);
			path = "Ruby Integration";
			sourceTree = "<group>";
		};
		601F910E1BE6405B00AD22B1 /* Resources */ = {
			isa = PBXGroup;
			children = (
				601F910F1BE6406600AD22B1 /* Podfile-icon@2x.png */,
			);
			name = Resources;
			sourceTree = "<group>";
		};
		6051191E1C08C4AC0037B95E /* Custom Subviews */ = {
			isa = PBXGroup;
			children = (
				6051191F1C08C4C00037B95E /* CPReturnTriggeringTableView.swift */,
			);
			name = "Custom Subviews";
			sourceTree = "<group>";
		};
		605119211C08D7CD0037B95E /* Custom Views */ = {
			isa = PBXGroup;
			children = (
				6051191C1C08A1EA0037B95E /* CPModifiedDecorationsWindow.swift */,
				605119221C08F02D0037B95E /* CPBrownVisualEffectsView.swift */,
			);
			name = "Custom Views";
			sourceTree = "<group>";
		};
		606D1ED61BF91062000B7148 /* View Controllers */ = {
			isa = PBXGroup;
			children = (
				606D1ED41BF91040000B7148 /* CPPodfileEditorViewController.swift */,
				606D1ED91BF911EF000B7148 /* CPPodfileViewController.swift */,
				6075BA661C06963700A5C491 /* CPInstallAction.swift */,
				604C26CC1C07843C00E16D84 /* CPPodfileConsoleViewController.swift */,
				6035BFEF1C07C916003250A8 /* CPHiddenTabViewController.swift */,
				605119261C0909420037B95E /* CPPodfileReflection.h */,
				605119271C0909420037B95E /* CPPodfileReflection.m */,
			);
			name = "View Controllers";
			sourceTree = "<group>";
		};
		606D1ED71BF91076000B7148 /* NSDocument Details */ = {
			isa = PBXGroup;
			children = (
				51165E541A1B925200DCFC94 /* CPUserProject.h */,
				51165E551A1B925300DCFC94 /* CPUserProject.m */,
			);
			name = "NSDocument Details";
			sourceTree = "<group>";
		};
		606D1ED81BF9108B000B7148 /* Presenting Text */ = {
			isa = PBXGroup;
			children = (
				7C4B007B1B9B441800B6C782 /* CPANSIEscapeHelper.h */,
				7C4B007C1B9B441800B6C782 /* CPANSIEscapeHelper.m */,
				60FE01661B9B7AA70027EEE3 /* SMLTextView+CocoaPods.m */,
				605119241C08F5880037B95E /* CPFontAndColourGateKeeper.swift */,
			);
			name = "Presenting Text";
			sourceTree = "<group>";
		};
		606D1EDB1BF93079000B7148 /* Views */ = {
			isa = PBXGroup;
			children = (
			);
			name = Views;
			sourceTree = "<group>";
		};
		60F02D1A1C0A2A6D003600FE /* CocoaPodsTests */ = {
			isa = PBXGroup;
			children = (
				60F02D1B1C0A2A6D003600FE /* CocoaPodsTests.swift */,
				60F02D1D1C0A2A6D003600FE /* Info.plist */,
			);
			path = CocoaPodsTests;
			sourceTree = "<group>";
		};
		60FE01621B9B76400027EEE3 /* Home Window */ = {
			isa = PBXGroup;
			children = (
				6051191E1C08C4AC0037B95E /* Custom Subviews */,
				601F910E1BE6405B00AD22B1 /* Resources */,
				1F9177551BA27592006698C9 /* CPHomeWindowController.h */,
				1F9177561BA27592006698C9 /* CPHomeWindowController.m */,
				1F91775C1BA27598006698C9 /* CPHomeWindowController.xib */,
				6085133D1BB6A3D500595B97 /* CPRecentDocumentsController.h */,
				6085133E1BB6A3D500595B97 /* CPRecentDocumentsController.m */,
			);
			name = "Home Window";
			sourceTree = "<group>";
		};
		60FE01631B9B76470027EEE3 /* Podfile Window */ = {
			isa = PBXGroup;
			children = (
				606D1ED11BF90705000B7148 /* Podfile.storyboard */,
				6075BA641C068B5F00A5C491 /* Podfile.xcassets */,
				606D1ED71BF91076000B7148 /* NSDocument Details */,
				606D1ED81BF9108B000B7148 /* Presenting Text */,
				605119211C08D7CD0037B95E /* Custom Views */,
				606D1ED61BF91062000B7148 /* View Controllers */,
			);
			name = "Podfile Window";
			sourceTree = "<group>";
		};
		60FE01641B9B76520027EEE3 /* Project */ = {
			isa = PBXGroup;
			children = (
				601F910B1BE63B8100AD22B1 /* CPExternalLinksHelper.h */,
				601F910C1BE63B8100AD22B1 /* CPExternalLinksHelper.m */,
				606D1EDB1BF93079000B7148 /* Views */,
			);
			name = Project;
			sourceTree = "<group>";
		};
		60FE016D1B9B7F000027EEE3 /* Categories */ = {
			isa = PBXGroup;
			children = (
				60FE016F1B9B7F1E0027EEE3 /* SUUpdater+DebugMode.m */,
				601F91131BE6435E00AD22B1 /* NSURL+TersePaths.h */,
				601F91141BE6435E00AD22B1 /* NSURL+TersePaths.m */,
			);
			name = Categories;
			sourceTree = "<group>";
		};
		E21FBC2CEDF1DF4BFA47A227 /* Pods */ = {
			isa = PBXGroup;
			children = (
				60F02D231C0A2E63003600FE /* Pods-CocoaPods.debug.xcconfig */,
				60F02D241C0A2E63003600FE /* Pods-CocoaPods.release.xcconfig */,
				7AB54ADC17FEC31054B37767 /* Pods-CocoaPodsTests.debug.xcconfig */,
				C53A61848EA686BA6CCC6591 /* Pods-CocoaPodsTests.release.xcconfig */,
			);
			name = Pods;
			sourceTree = "<group>";
		};
/* End PBXGroup section */

/* Begin PBXNativeTarget section */
		51165E1E1A17AFF500DCFC94 /* CocoaPods */ = {
			isa = PBXNativeTarget;
			buildConfigurationList = 51165E3C1A17AFF500DCFC94 /* Build configuration list for PBXNativeTarget "CocoaPods" */;
			buildPhases = (
				0947825ECAD7F256EF3994E9 /* Check Pods Manifest.lock */,
				51165E1B1A17AFF500DCFC94 /* Sources */,
				51165E1C1A17AFF500DCFC94 /* Frameworks */,
				51165E1D1A17AFF500DCFC94 /* Resources */,
				1FFFBB091BA25469004A8D1E /* Copy Helper Executables */,
				5180FE921AD1CFE400314D61 /* Sign Sparkle.framework */,
				7BA6F304307FC11D21E8194E /* Embed Pods Frameworks */,
				D59CE4AF1077B989CD7145BD /* Copy Pods Resources */,
				51EA17871BFFF241000DC69A /* Copy RubyCocoa.framework */,
			);
			buildRules = (
			);
			dependencies = (
				51165E501A190F8D00DCFC94 /* PBXTargetDependency */,
			);
			name = CocoaPods;
			productName = CocoaPods;
			productReference = 51165E1F1A17AFF500DCFC94 /* CocoaPods.app */;
			productType = "com.apple.product-type.application";
		};
		51165E471A17B2D200DCFC94 /* pod */ = {
			isa = PBXNativeTarget;
			buildConfigurationList = 51165E4C1A17B2D200DCFC94 /* Build configuration list for PBXNativeTarget "pod" */;
			buildPhases = (
				51165E441A17B2D200DCFC94 /* Sources */,
				51165E451A17B2D200DCFC94 /* Frameworks */,
				51165E461A17B2D200DCFC94 /* CopyFiles */,
			);
			buildRules = (
			);
			dependencies = (
			);
			name = pod;
			productName = pod;
			productReference = 51165E481A17B2D200DCFC94 /* pod */;
			productType = "com.apple.product-type.tool";
		};
		60F02D181C0A2A6D003600FE /* CocoaPodsTests */ = {
			isa = PBXNativeTarget;
			buildConfigurationList = 60F02D221C0A2A6D003600FE /* Build configuration list for PBXNativeTarget "CocoaPodsTests" */;
			buildPhases = (
				8B77878B6A3CC884F91ACDB9 /* Check Pods Manifest.lock */,
				60F02D151C0A2A6D003600FE /* Sources */,
				60F02D161C0A2A6D003600FE /* Frameworks */,
				60F02D171C0A2A6D003600FE /* Resources */,
				280E6AB8870B91BE6BE1693C /* Embed Pods Frameworks */,
				94BCD11D776968EB231C66A0 /* Copy Pods Resources */,
			);
			buildRules = (
			);
			dependencies = (
				60F02D1F1C0A2A6D003600FE /* PBXTargetDependency */,
			);
			name = CocoaPodsTests;
			productName = CocoaPodsTests;
			productReference = 60F02D191C0A2A6D003600FE /* CocoaPodsTests.xctest */;
			productType = "com.apple.product-type.bundle.unit-test";
		};
/* End PBXNativeTarget section */

/* Begin PBXProject section */
		51165E171A17AFF500DCFC94 /* Project object */ = {
			isa = PBXProject;
			attributes = {
				CLASSPREFIX = CP;
				LastSwiftUpdateCheck = 0710;
				LastUpgradeCheck = 0700;
				ORGANIZATIONNAME = CocoaPods;
				TargetAttributes = {
					51165E1E1A17AFF500DCFC94 = {
						CreatedOnToolsVersion = 6.1;
						DevelopmentTeam = 4R4XY9R8JR;
					};
					51165E471A17B2D200DCFC94 = {
						CreatedOnToolsVersion = 6.1;
					};
					60F02D181C0A2A6D003600FE = {
						CreatedOnToolsVersion = 7.1.1;
						TestTargetID = 51165E1E1A17AFF500DCFC94;
					};
				};
			};
			buildConfigurationList = 51165E1A1A17AFF500DCFC94 /* Build configuration list for PBXProject "CocoaPods" */;
			compatibilityVersion = "Xcode 3.2";
			developmentRegion = English;
			hasScannedForEncodings = 0;
			knownRegions = (
				en,
				Base,
			);
			mainGroup = 51165E161A17AFF500DCFC94;
			productRefGroup = 51165E201A17AFF500DCFC94 /* Products */;
			projectDirPath = "";
			projectRoot = "";
			targets = (
				51165E1E1A17AFF500DCFC94 /* CocoaPods */,
				51165E471A17B2D200DCFC94 /* pod */,
				60F02D181C0A2A6D003600FE /* CocoaPodsTests */,
			);
		};
/* End PBXProject section */

/* Begin PBXResourcesBuildPhase section */
		51165E1D1A17AFF500DCFC94 /* Resources */ = {
			isa = PBXResourcesBuildPhase;
			buildActionMask = 2147483647;
			files = (
				770382F41A2035B400435285 /* Localizable.strings in Resources */,
				60F02D261C0A2E63003600FE /* Pods-CocoaPods.release.xcconfig in Resources */,
				51165E431A17B20700DCFC94 /* bundle in Resources */,
				60F02D251C0A2E63003600FE /* Pods-CocoaPods.debug.xcconfig in Resources */,
				51D2E5B21A212A0800C0B153 /* SyntaxDefinitions.plist in Resources */,
				51165E2D1A17AFF500DCFC94 /* MainMenu.xib in Resources */,
				51D2E5B11A212A0800C0B153 /* Syntax Definitions in Resources */,
				606D1ED21BF90705000B7148 /* Podfile.storyboard in Resources */,
				6075BA651C068B5F00A5C491 /* Podfile.xcassets in Resources */,
				5180FE941AD2A51300314D61 /* LICENSE in Resources */,
				51EA178E1C0147BD000DC69A /* RBObject+CocoaPods.rb in Resources */,
				1F91775A1BA27598006698C9 /* CPHomeWindowController.xib in Resources */,
				601F91101BE6406600AD22B1 /* Podfile-icon@2x.png in Resources */,
				77356D751A2253F1002822CF /* Media.xcassets in Resources */,
			);
			runOnlyForDeploymentPostprocessing = 0;
		};
		60F02D171C0A2A6D003600FE /* Resources */ = {
			isa = PBXResourcesBuildPhase;
			buildActionMask = 2147483647;
			files = (
			);
			runOnlyForDeploymentPostprocessing = 0;
		};
/* End PBXResourcesBuildPhase section */

/* Begin PBXShellScriptBuildPhase section */
		0947825ECAD7F256EF3994E9 /* Check Pods Manifest.lock */ = {
			isa = PBXShellScriptBuildPhase;
			buildActionMask = 2147483647;
			files = (
			);
			inputPaths = (
			);
			name = "Check Pods Manifest.lock";
			outputPaths = (
			);
			runOnlyForDeploymentPostprocessing = 0;
			shellPath = /bin/sh;
			shellScript = "diff \"${PODS_ROOT}/../Podfile.lock\" \"${PODS_ROOT}/Manifest.lock\" > /dev/null\nif [[ $? != 0 ]] ; then\n    cat << EOM\nerror: The sandbox is not in sync with the Podfile.lock. Run 'pod install' or update your CocoaPods installation.\nEOM\n    exit 1\nfi\n";
			showEnvVarsInLog = 0;
		};
		280E6AB8870B91BE6BE1693C /* Embed Pods Frameworks */ = {
			isa = PBXShellScriptBuildPhase;
			buildActionMask = 2147483647;
			files = (
			);
			inputPaths = (
			);
			name = "Embed Pods Frameworks";
			outputPaths = (
			);
			runOnlyForDeploymentPostprocessing = 0;
			shellPath = /bin/sh;
			shellScript = "\"${SRCROOT}/Pods/Target Support Files/Pods-CocoaPodsTests/Pods-CocoaPodsTests-frameworks.sh\"\n";
			showEnvVarsInLog = 0;
		};
		5180FE921AD1CFE400314D61 /* Sign Sparkle.framework */ = {
			isa = PBXShellScriptBuildPhase;
			buildActionMask = 2147483647;
			files = (
			);
			inputPaths = (
			);
			name = "Sign Sparkle.framework";
			outputPaths = (
			);
			runOnlyForDeploymentPostprocessing = 0;
			shellPath = /bin/sh;
			shellScript = "if [ \"${CONFIGURATION}\" = \"Release\" ]; then\n\n    LOCATION=\"${BUILT_PRODUCTS_DIR}\"/\"${FRAMEWORKS_FOLDER_PATH}\"\n\n    IDENTITY=\"Developer ID Application: COCODE LTD\"\n\n    codesign --verbose --force --sign \"$IDENTITY\" \"$LOCATION/Sparkle.framework/Versions/A\"\nfi";
		};
		7BA6F304307FC11D21E8194E /* Embed Pods Frameworks */ = {
			isa = PBXShellScriptBuildPhase;
			buildActionMask = 2147483647;
			files = (
			);
			inputPaths = (
			);
			name = "Embed Pods Frameworks";
			outputPaths = (
			);
			runOnlyForDeploymentPostprocessing = 0;
			shellPath = /bin/sh;
			shellScript = "\"${SRCROOT}/Pods/Target Support Files/Pods-CocoaPods/Pods-CocoaPods-frameworks.sh\"\n";
			showEnvVarsInLog = 0;
		};
		8B77878B6A3CC884F91ACDB9 /* Check Pods Manifest.lock */ = {
			isa = PBXShellScriptBuildPhase;
			buildActionMask = 2147483647;
			files = (
			);
			inputPaths = (
			);
			name = "Check Pods Manifest.lock";
			outputPaths = (
			);
			runOnlyForDeploymentPostprocessing = 0;
			shellPath = /bin/sh;
			shellScript = "diff \"${PODS_ROOT}/../Podfile.lock\" \"${PODS_ROOT}/Manifest.lock\" > /dev/null\nif [[ $? != 0 ]] ; then\n    cat << EOM\nerror: The sandbox is not in sync with the Podfile.lock. Run 'pod install' or update your CocoaPods installation.\nEOM\n    exit 1\nfi\n";
			showEnvVarsInLog = 0;
		};
		94BCD11D776968EB231C66A0 /* Copy Pods Resources */ = {
			isa = PBXShellScriptBuildPhase;
			buildActionMask = 2147483647;
			files = (
			);
			inputPaths = (
			);
			name = "Copy Pods Resources";
			outputPaths = (
			);
			runOnlyForDeploymentPostprocessing = 0;
			shellPath = /bin/sh;
			shellScript = "\"${SRCROOT}/Pods/Target Support Files/Pods-CocoaPodsTests/Pods-CocoaPodsTests-resources.sh\"\n";
			showEnvVarsInLog = 0;
		};
		D59CE4AF1077B989CD7145BD /* Copy Pods Resources */ = {
			isa = PBXShellScriptBuildPhase;
			buildActionMask = 2147483647;
			files = (
			);
			inputPaths = (
			);
			name = "Copy Pods Resources";
			outputPaths = (
			);
			runOnlyForDeploymentPostprocessing = 0;
			shellPath = /bin/sh;
			shellScript = "\"${SRCROOT}/Pods/Target Support Files/Pods-CocoaPods/Pods-CocoaPods-resources.sh\"\n";
			showEnvVarsInLog = 0;
		};
/* End PBXShellScriptBuildPhase section */

/* Begin PBXSourcesBuildPhase section */
		51165E1B1A17AFF500DCFC94 /* Sources */ = {
			isa = PBXSourcesBuildPhase;
			buildActionMask = 2147483647;
			files = (
				51EA178C1C00D279000DC69A /* RBObject+CocoaPods.m in Sources */,
				7C4B007D1B9B441800B6C782 /* CPANSIEscapeHelper.m in Sources */,
				605119281C0909420037B95E /* CPPodfileReflection.m in Sources */,
				6035BFF01C07C916003250A8 /* CPHiddenTabViewController.swift in Sources */,
				606D1EDA1BF911EF000B7148 /* CPPodfileViewController.swift in Sources */,
				605119201C08C4C00037B95E /* CPReturnTriggeringTableView.swift in Sources */,
				605119251C08F5880037B95E /* CPFontAndColourGateKeeper.swift in Sources */,
				51165E281A17AFF500DCFC94 /* main.m in Sources */,
				1F9177581BA27592006698C9 /* CPHomeWindowController.m in Sources */,
				6085133F1BB6A3D500595B97 /* CPRecentDocumentsController.m in Sources */,
				6075BA671C06963700A5C491 /* CPInstallAction.swift in Sources */,
				3311885A1BEBCB4200272793 /* CPCLITask.m in Sources */,
				604C26CE1C07843C00E16D84 /* CPPodfileConsoleViewController.swift in Sources */,
				601F91151BE6435E00AD22B1 /* NSURL+TersePaths.m in Sources */,
				605119231C08F02D0037B95E /* CPBrownVisualEffectsView.swift in Sources */,
				60FE01701B9B7F1E0027EEE3 /* SUUpdater+DebugMode.m in Sources */,
				331188571BEBCB0F00272793 /* CPCLIToolInstallationController.m in Sources */,
				51165E261A17AFF500DCFC94 /* CPAppDelegate.m in Sources */,
				6051191D1C08A1EA0037B95E /* CPModifiedDecorationsWindow.swift in Sources */,
				606D1ED51BF91040000B7148 /* CPPodfileEditorViewController.swift in Sources */,
				51165E571A1B925300DCFC94 /* CPUserProject.m in Sources */,
				60FE01671B9B7AA70027EEE3 /* SMLTextView+CocoaPods.m in Sources */,
				601F910D1BE63B8100AD22B1 /* CPExternalLinksHelper.m in Sources */,
			);
			runOnlyForDeploymentPostprocessing = 0;
		};
		51165E441A17B2D200DCFC94 /* Sources */ = {
			isa = PBXSourcesBuildPhase;
			buildActionMask = 2147483647;
			files = (
				51165E4B1A17B2D200DCFC94 /* main.c in Sources */,
			);
			runOnlyForDeploymentPostprocessing = 0;
		};
		60F02D151C0A2A6D003600FE /* Sources */ = {
			isa = PBXSourcesBuildPhase;
			buildActionMask = 2147483647;
			files = (
				60F02D1C1C0A2A6D003600FE /* CocoaPodsTests.swift in Sources */,
			);
			runOnlyForDeploymentPostprocessing = 0;
		};
/* End PBXSourcesBuildPhase section */

/* Begin PBXTargetDependency section */
		51165E501A190F8D00DCFC94 /* PBXTargetDependency */ = {
			isa = PBXTargetDependency;
			target = 51165E471A17B2D200DCFC94 /* pod */;
			targetProxy = 51165E4F1A190F8D00DCFC94 /* PBXContainerItemProxy */;
		};
		60F02D1F1C0A2A6D003600FE /* PBXTargetDependency */ = {
			isa = PBXTargetDependency;
			target = 51165E1E1A17AFF500DCFC94 /* CocoaPods */;
			targetProxy = 60F02D1E1C0A2A6D003600FE /* PBXContainerItemProxy */;
		};
/* End PBXTargetDependency section */

/* Begin PBXVariantGroup section */
		1F91775C1BA27598006698C9 /* CPHomeWindowController.xib */ = {
			isa = PBXVariantGroup;
			children = (
				1F91775B1BA27598006698C9 /* Base */,
			);
			name = CPHomeWindowController.xib;
			sourceTree = "<group>";
		};
		51165E2B1A17AFF500DCFC94 /* MainMenu.xib */ = {
			isa = PBXVariantGroup;
			children = (
				51165E2C1A17AFF500DCFC94 /* Base */,
			);
			name = MainMenu.xib;
			path = .;
			sourceTree = "<group>";
		};
/* End PBXVariantGroup section */

/* Begin XCBuildConfiguration section */
		51165E3A1A17AFF500DCFC94 /* Debug */ = {
			isa = XCBuildConfiguration;
			buildSettings = {
				ALWAYS_SEARCH_USER_PATHS = NO;
				CLANG_CXX_LANGUAGE_STANDARD = "gnu++0x";
				CLANG_CXX_LIBRARY = "libc++";
				CLANG_ENABLE_MODULES = YES;
				CLANG_ENABLE_OBJC_ARC = YES;
				CLANG_WARN_BOOL_CONVERSION = YES;
				CLANG_WARN_CONSTANT_CONVERSION = YES;
				CLANG_WARN_DIRECT_OBJC_ISA_USAGE = YES_ERROR;
				CLANG_WARN_EMPTY_BODY = YES;
				CLANG_WARN_ENUM_CONVERSION = YES;
				CLANG_WARN_INT_CONVERSION = YES;
				CLANG_WARN_OBJC_ROOT_CLASS = YES_ERROR;
				CLANG_WARN_UNREACHABLE_CODE = YES;
				CLANG_WARN__DUPLICATE_METHOD_MATCH = YES;
				CODE_SIGN_IDENTITY = "";
				COPY_PHASE_STRIP = NO;
				ENABLE_STRICT_OBJC_MSGSEND = YES;
				ENABLE_TESTABILITY = YES;
				GCC_C_LANGUAGE_STANDARD = gnu99;
				GCC_DYNAMIC_NO_PIC = NO;
				GCC_OPTIMIZATION_LEVEL = 0;
				GCC_PREPROCESSOR_DEFINITIONS = (
					"DEBUG=1",
					"$(inherited)",
				);
				GCC_SYMBOLS_PRIVATE_EXTERN = NO;
				GCC_WARN_64_TO_32_BIT_CONVERSION = YES;
				GCC_WARN_ABOUT_RETURN_TYPE = YES_ERROR;
				GCC_WARN_UNDECLARED_SELECTOR = YES;
				GCC_WARN_UNINITIALIZED_AUTOS = YES_AGGRESSIVE;
				GCC_WARN_UNUSED_FUNCTION = YES;
				GCC_WARN_UNUSED_VARIABLE = YES;
				MACOSX_DEPLOYMENT_TARGET = 10.8;
				MTL_ENABLE_DEBUG_INFO = YES;
				ONLY_ACTIVE_ARCH = YES;
			};
			name = Debug;
		};
		51165E3B1A17AFF500DCFC94 /* Release */ = {
			isa = XCBuildConfiguration;
			buildSettings = {
				ALWAYS_SEARCH_USER_PATHS = NO;
				CLANG_CXX_LANGUAGE_STANDARD = "gnu++0x";
				CLANG_CXX_LIBRARY = "libc++";
				CLANG_ENABLE_MODULES = YES;
				CLANG_ENABLE_OBJC_ARC = YES;
				CLANG_WARN_BOOL_CONVERSION = YES;
				CLANG_WARN_CONSTANT_CONVERSION = YES;
				CLANG_WARN_DIRECT_OBJC_ISA_USAGE = YES_ERROR;
				CLANG_WARN_EMPTY_BODY = YES;
				CLANG_WARN_ENUM_CONVERSION = YES;
				CLANG_WARN_INT_CONVERSION = YES;
				CLANG_WARN_OBJC_ROOT_CLASS = YES_ERROR;
				CLANG_WARN_UNREACHABLE_CODE = YES;
				CLANG_WARN__DUPLICATE_METHOD_MATCH = YES;
				CODE_SIGN_IDENTITY = "";
				COPY_PHASE_STRIP = YES;
				DEBUG_INFORMATION_FORMAT = "dwarf-with-dsym";
				ENABLE_NS_ASSERTIONS = NO;
				ENABLE_STRICT_OBJC_MSGSEND = YES;
				GCC_C_LANGUAGE_STANDARD = gnu99;
				GCC_WARN_64_TO_32_BIT_CONVERSION = YES;
				GCC_WARN_ABOUT_RETURN_TYPE = YES_ERROR;
				GCC_WARN_UNDECLARED_SELECTOR = YES;
				GCC_WARN_UNINITIALIZED_AUTOS = YES_AGGRESSIVE;
				GCC_WARN_UNUSED_FUNCTION = YES;
				GCC_WARN_UNUSED_VARIABLE = YES;
				MACOSX_DEPLOYMENT_TARGET = 10.8;
				MTL_ENABLE_DEBUG_INFO = NO;
			};
			name = Release;
		};
		51165E3D1A17AFF500DCFC94 /* Debug */ = {
			isa = XCBuildConfiguration;
			baseConfigurationReference = 60F02D231C0A2E63003600FE /* Pods-CocoaPods.debug.xcconfig */;
			buildSettings = {
				ASSETCATALOG_COMPILER_APPICON_NAME = AppIcon;
				CODE_SIGN_IDENTITY = "";
				COMBINE_HIDPI_IMAGES = YES;
				FRAMEWORK_SEARCH_PATHS = (
					"$(inherited)",
					"$(PROJECT_DIR)/RubyCocoa/framework/build/Default",
				);
				HEADER_SEARCH_PATHS = (
					"$(inherited)",
					"$(SRCROOT)/../destroot/bundle/include/ruby-2.2.0",
					"$(SRCROOT)/../destroot/bundle/include/ruby-2.2.0/x86_64-darwin15",
				);
				INFOPLIST_FILE = "CocoaPods/Supporting Files/Info.plist";
				LD_RUNPATH_SEARCH_PATHS = "$(inherited) @executable_path/../Frameworks";
				LIBRARY_SEARCH_PATHS = "\"$(PROJECT_DIR)/CocoaPods/Ruby Integration\"";
				MACOSX_DEPLOYMENT_TARGET = 10.10;
				PRODUCT_BUNDLE_IDENTIFIER = "org.cocoapods.$(PRODUCT_NAME:rfc1034identifier)";
				PRODUCT_NAME = "$(TARGET_NAME)";
				SWIFT_OBJC_BRIDGING_HEADER = "CocoaPods/CocoaPods-Bridging-Header.h";
				SWIFT_OPTIMIZATION_LEVEL = "-Onone";
			};
			name = Debug;
		};
		51165E3E1A17AFF500DCFC94 /* Release */ = {
			isa = XCBuildConfiguration;
			baseConfigurationReference = 60F02D241C0A2E63003600FE /* Pods-CocoaPods.release.xcconfig */;
			buildSettings = {
				ASSETCATALOG_COMPILER_APPICON_NAME = AppIcon;
				CODE_SIGN_IDENTITY = "";
				COMBINE_HIDPI_IMAGES = YES;
				FRAMEWORK_SEARCH_PATHS = (
					"$(inherited)",
					"$(PROJECT_DIR)/RubyCocoa/framework/build/Default",
				);
				HEADER_SEARCH_PATHS = (
					"$(inherited)",
					"$(SRCROOT)/../destroot/bundle/include/ruby-2.2.0",
					"$(SRCROOT)/../destroot/bundle/include/ruby-2.2.0/x86_64-darwin15",
				);
				INFOPLIST_FILE = "CocoaPods/Supporting Files/Info.plist";
				LD_RUNPATH_SEARCH_PATHS = "$(inherited) @executable_path/../Frameworks";
				LIBRARY_SEARCH_PATHS = "\"$(PROJECT_DIR)/CocoaPods/Ruby Integration\"";
				MACOSX_DEPLOYMENT_TARGET = 10.10;
				PRODUCT_BUNDLE_IDENTIFIER = "org.cocoapods.$(PRODUCT_NAME:rfc1034identifier)";
				PRODUCT_NAME = "$(TARGET_NAME)";
				SWIFT_OBJC_BRIDGING_HEADER = "CocoaPods/CocoaPods-Bridging-Header.h";
			};
			name = Release;
		};
		51165E4D1A17B2D200DCFC94 /* Debug */ = {
			isa = XCBuildConfiguration;
			buildSettings = {
				GCC_PREPROCESSOR_DEFINITIONS = (
					"DEBUG=1",
					"$(inherited)",
				);
				PRODUCT_NAME = "$(TARGET_NAME)";
			};
			name = Debug;
		};
		51165E4E1A17B2D200DCFC94 /* Release */ = {
			isa = XCBuildConfiguration;
			buildSettings = {
				PRODUCT_NAME = "$(TARGET_NAME)";
			};
			name = Release;
		};
		60F02D201C0A2A6D003600FE /* Debug */ = {
			isa = XCBuildConfiguration;
			baseConfigurationReference = 7AB54ADC17FEC31054B37767 /* Pods-CocoaPodsTests.debug.xcconfig */;
			buildSettings = {
				BUNDLE_LOADER = "$(TEST_HOST)";
				CODE_SIGN_IDENTITY = "-";
				COMBINE_HIDPI_IMAGES = YES;
				DEBUG_INFORMATION_FORMAT = dwarf;
				GCC_NO_COMMON_BLOCKS = YES;
				INFOPLIST_FILE = CocoaPodsTests/Info.plist;
				LD_RUNPATH_SEARCH_PATHS = "$(inherited) @executable_path/../Frameworks @loader_path/../Frameworks";
				MACOSX_DEPLOYMENT_TARGET = 10.11;
				PRODUCT_BUNDLE_IDENTIFIER = org.cocoapods.CocoaPodsTests;
				PRODUCT_NAME = "$(TARGET_NAME)";
				SDKROOT = macosx;
				SWIFT_OPTIMIZATION_LEVEL = "-Onone";
				TEST_HOST = "$(BUILT_PRODUCTS_DIR)/CocoaPods.app/Contents/MacOS/CocoaPods";
			};
			name = Debug;
		};
		60F02D211C0A2A6D003600FE /* Release */ = {
			isa = XCBuildConfiguration;
			baseConfigurationReference = C53A61848EA686BA6CCC6591 /* Pods-CocoaPodsTests.release.xcconfig */;
			buildSettings = {
				BUNDLE_LOADER = "$(TEST_HOST)";
				CODE_SIGN_IDENTITY = "-";
				COMBINE_HIDPI_IMAGES = YES;
				COPY_PHASE_STRIP = NO;
				GCC_NO_COMMON_BLOCKS = YES;
				INFOPLIST_FILE = CocoaPodsTests/Info.plist;
				LD_RUNPATH_SEARCH_PATHS = "$(inherited) @executable_path/../Frameworks @loader_path/../Frameworks";
				MACOSX_DEPLOYMENT_TARGET = 10.11;
				PRODUCT_BUNDLE_IDENTIFIER = org.cocoapods.CocoaPodsTests;
				PRODUCT_NAME = "$(TARGET_NAME)";
				SDKROOT = macosx;
				TEST_HOST = "$(BUILT_PRODUCTS_DIR)/CocoaPods.app/Contents/MacOS/CocoaPods";
			};
			name = Release;
		};
/* End XCBuildConfiguration section */

/* Begin XCConfigurationList section */
		51165E1A1A17AFF500DCFC94 /* Build configuration list for PBXProject "CocoaPods" */ = {
			isa = XCConfigurationList;
			buildConfigurations = (
				51165E3A1A17AFF500DCFC94 /* Debug */,
				51165E3B1A17AFF500DCFC94 /* Release */,
			);
			defaultConfigurationIsVisible = 0;
			defaultConfigurationName = Release;
		};
		51165E3C1A17AFF500DCFC94 /* Build configuration list for PBXNativeTarget "CocoaPods" */ = {
			isa = XCConfigurationList;
			buildConfigurations = (
				51165E3D1A17AFF500DCFC94 /* Debug */,
				51165E3E1A17AFF500DCFC94 /* Release */,
			);
			defaultConfigurationIsVisible = 0;
			defaultConfigurationName = Release;
		};
		51165E4C1A17B2D200DCFC94 /* Build configuration list for PBXNativeTarget "pod" */ = {
			isa = XCConfigurationList;
			buildConfigurations = (
				51165E4D1A17B2D200DCFC94 /* Debug */,
				51165E4E1A17B2D200DCFC94 /* Release */,
			);
			defaultConfigurationIsVisible = 0;
			defaultConfigurationName = Release;
		};
		60F02D221C0A2A6D003600FE /* Build configuration list for PBXNativeTarget "CocoaPodsTests" */ = {
			isa = XCConfigurationList;
			buildConfigurations = (
				60F02D201C0A2A6D003600FE /* Debug */,
				60F02D211C0A2A6D003600FE /* Release */,
			);
			defaultConfigurationIsVisible = 0;
			defaultConfigurationName = Release;
		};
/* End XCConfigurationList section */
	};
	rootObject = 51165E171A17AFF500DCFC94 /* Project object */;
}
