PODS:
  - Fragaria (1.0.1):
    - Fragaria/unicode (= 1.0.1)
  - Fragaria/unicode (1.0.1)

DEPENDENCIES:
  - Fragaria (from `Fragaria.podspec.json`)

EXTERNAL SOURCES:
  Fragaria:
    :podspec: Fragaria.podspec.json

SPEC CHECKSUMS:
  Fragaria: e9d2dfc249d394732f784bfb939cbba1618e45b1

COCOAPODS: 0.35.0.rc2
