PODS:
  - ANSIEscapeHelper (0.9.6)
  - Fragaria (1.0.1):
    - Fragaria/unicode (= 1.0.1)
  - Fragaria/unicode (1.0.1)

DEPENDENCIES:
  - ANSIEscapeHelper (from `ANSIEscapeHelper.podspec`)
  - Fragaria (from `Fragaria.podspec.json`)

EXTERNAL SOURCES:
  ANSIEscapeHelper:
    :podspec: ANSIEscapeHelper.podspec
  Fragaria:
    :podspec: Fragaria.podspec.json

SPEC CHECKSUMS:
  ANSIEscapeHelper: 5d695302185f772d66e9c7eb4370ccb9498ba1ad
  Fragaria: e9d2dfc249d394732f784bfb939cbba1618e45b1

COCOAPODS: 0.35.0
