PODS:
  - ANSIEscapeHelper (0.9.6)
  - Fragaria (1.0.1):
    - Fragaria/unicode (= 1.0.1)
  - Fragaria/unicode (1.0.1)
  - Sparkle (1.9.0)

DEPENDENCIES:
  - ANSIEscapeHelper (from `ANSIEscapeHelper.podspec`)
  - Fragaria (from `Fragaria.podspec.json`)
  - Sparkle

EXTERNAL SOURCES:
  ANSIEscapeHelper:
    :podspec: ANSIEscapeHelper.podspec
  Fragaria:
    :podspec: Fragaria.podspec.json

SPEC CHECKSUMS:
  ANSIEscapeHelper: 1d57a8d7af5b9f9d3d48dcf9bf1726f42ab9b99d
  Fragaria: e9d2dfc249d394732f784bfb939cbba1618e45b1
  Sparkle: 75bbbc5ab2d666f7f77c241afe7fd28364a8f9f7

COCOAPODS: 0.38.2
